// !$*UTF8*$!
{
	archiveVersion = 1;
	classes = {
	};
	objectVersion = 55;
	objects = {

/* Begin PBXBuildFile section */
		4E060E07280AB4C20024502B /* AppDelegate.swift in Sources */ = {isa = PBXBuildFile; fileRef = 4E060E06280AB4C20024502B /* AppDelegate.swift */; };
		4E060E10280AB4C60024502B /* Assets.xcassets in Resources */ = {isa = PBXBuildFile; fileRef = 4E060E0F280AB4C60024502B /* Assets.xcassets */; };
		4E060E13280AB4C60024502B /* LaunchScreen.storyboard in Resources */ = {isa = PBXBuildFile; fileRef = 4E060E11280AB4C60024502B /* LaunchScreen.storyboard */; };
		4E060E1E280AB4C60024502B /* NasaAmberIOSTests.swift in Sources */ = {isa = PBXBuildFile; fileRef = 4E060E1D280AB4C60024502B /* NasaAmberIOSTests.swift */; };
		4E060E28280AB4C60024502B /* NasaAmberIOSUITests.swift in Sources */ = {isa = PBXBuildFile; fileRef = 4E060E27280AB4C60024502B /* NasaAmberIOSUITests.swift */; };
		4E060E2A280AB4C60024502B /* NasaAmberIOSUITestsLaunchTests.swift in Sources */ = {isa = PBXBuildFile; fileRef = 4E060E29280AB4C60024502B /* NasaAmberIOSUITestsLaunchTests.swift */; };
		4E060E3B280AB8230024502B /* Animator.swift in Sources */ = {isa = PBXBuildFile; fileRef = 4E060E3A280AB8230024502B /* Animator.swift */; };
		4E060E3D280AB8490024502B /* Router.swift in Sources */ = {isa = PBXBuildFile; fileRef = 4E060E3C280AB8490024502B /* Router.swift */; };
		4E060E40280AB8790024502B /* Transitions.swift in Sources */ = {isa = PBXBuildFile; fileRef = 4E060E3F280AB8790024502B /* Transitions.swift */; };
		4E060E42280AB89A0024502B /* ModalTransition.swift in Sources */ = {isa = PBXBuildFile; fileRef = 4E060E41280AB89A0024502B /* ModalTransition.swift */; };
		4E060E44280AB8BF0024502B /* PlaceOnWindowTransition.swift in Sources */ = {isa = PBXBuildFile; fileRef = 4E060E43280AB8BF0024502B /* PlaceOnWindowTransition.swift */; };
		4E060E46280AB8D90024502B /* PushTransition.swift in Sources */ = {isa = PBXBuildFile; fileRef = 4E060E45280AB8D90024502B /* PushTransition.swift */; };
		4E060E4A280AB9430024502B /* BaseViewController.swift in Sources */ = {isa = PBXBuildFile; fileRef = 4E060E49280AB9430024502B /* BaseViewController.swift */; };
		4E060E4C280AB9AB0024502B /* BaseViewModel.swift in Sources */ = {isa = PBXBuildFile; fileRef = 4E060E4B280AB9AB0024502B /* BaseViewModel.swift */; };
		4E060E4E280ABA080024502B /* MainNavigationController.swift in Sources */ = {isa = PBXBuildFile; fileRef = 4E060E4D280ABA080024502B /* MainNavigationController.swift */; };
		4E060E50280ABA4E0024502B /* TransparentNavigationController.swift in Sources */ = {isa = PBXBuildFile; fileRef = 4E060E4F280ABA4E0024502B /* TransparentNavigationController.swift */; };
		4E060E52280ABB150024502B /* AppRouter.swift in Sources */ = {isa = PBXBuildFile; fileRef = 4E060E51280ABB150024502B /* AppRouter.swift */; };
		4E060E55280ABCF50024502B /* MainTabBarRoute.swift in Sources */ = {isa = PBXBuildFile; fileRef = 4E060E54280ABCF50024502B /* MainTabBarRoute.swift */; };
		4E060E57280ABD240024502B /* MainTabBarController.swift in Sources */ = {isa = PBXBuildFile; fileRef = 4E060E56280ABD240024502B /* MainTabBarController.swift */; };
		4E060E60280AC0450024502B /* HomeRoute.swift in Sources */ = {isa = PBXBuildFile; fileRef = 4E060E5F280AC0450024502B /* HomeRoute.swift */; };
		4E060EE7280AE5A90024502B /* DataProvider.framework in Frameworks */ = {isa = PBXBuildFile; fileRef = 4E060EE6280AE5A90024502B /* DataProvider.framework */; };
		4E060EE8280AE5A90024502B /* DataProvider.framework in Embed Frameworks */ = {isa = PBXBuildFile; fileRef = 4E060EE6280AE5A90024502B /* DataProvider.framework */; settings = {ATTRIBUTES = (CodeSignOnCopy, RemoveHeadersOnCopy, ); }; };
		4E2873422812E0C4000D16E9 /* CustomLabel.swift in Sources */ = {isa = PBXBuildFile; fileRef = 4E2873412812E0C4000D16E9 /* CustomLabel.swift */; };
		4E287348281343DC000D16E9 /* ActivityIndicatorFooterView.swift in Sources */ = {isa = PBXBuildFile; fileRef = 4E287347281343DC000D16E9 /* ActivityIndicatorFooterView.swift */; };
		4E28734B28134419000D16E9 /* ActivityIndicatorView.swift in Sources */ = {isa = PBXBuildFile; fileRef = 4E28734A28134419000D16E9 /* ActivityIndicatorView.swift */; };
		4E28735028134E40000D16E9 /* IntroRouter.swift in Sources */ = {isa = PBXBuildFile; fileRef = 4E28734D28134E40000D16E9 /* IntroRouter.swift */; };
		4E28735128134E40000D16E9 /* IntroViewController.swift in Sources */ = {isa = PBXBuildFile; fileRef = 4E28734E28134E40000D16E9 /* IntroViewController.swift */; };
		4E28735228134E40000D16E9 /* IntroViewModel.swift in Sources */ = {isa = PBXBuildFile; fileRef = 4E28734F28134E40000D16E9 /* IntroViewModel.swift */; };
		4E28735428134E4E000D16E9 /* IntroRoute.swift in Sources */ = {isa = PBXBuildFile; fileRef = 4E28735328134E4E000D16E9 /* IntroRoute.swift */; };
		4E28735728134E61000D16E9 /* IntroCell.swift in Sources */ = {isa = PBXBuildFile; fileRef = 4E28735528134E61000D16E9 /* IntroCell.swift */; };
		4E28735828134E61000D16E9 /* IntroCellModel.swift in Sources */ = {isa = PBXBuildFile; fileRef = 4E28735628134E61000D16E9 /* IntroCellModel.swift */; };
		4E28735D28135483000D16E9 /* ButtonFactory.swift in Sources */ = {isa = PBXBuildFile; fileRef = 4E28735C28135483000D16E9 /* ButtonFactory.swift */; };
		4E28736028135503000D16E9 /* PageControl.swift in Sources */ = {isa = PBXBuildFile; fileRef = 4E28735F28135503000D16E9 /* PageControl.swift */; };
		4E28736328145501000D16E9 /* rover.json in Resources */ = {isa = PBXBuildFile; fileRef = 4E28736228145501000D16E9 /* rover.json */; };
		4E2873722815D97D000D16E9 /* ActivityIndicatorProtocol.swift in Sources */ = {isa = PBXBuildFile; fileRef = 4E2873712815D97D000D16E9 /* ActivityIndicatorProtocol.swift */; };
		4E2873742815D9A9000D16E9 /* LoadingProtocol.swift in Sources */ = {isa = PBXBuildFile; fileRef = 4E2873732815D9A9000D16E9 /* LoadingProtocol.swift */; };
		4E2873762815DA05000D16E9 /* BlockingActivityIndicator.swift in Sources */ = {isa = PBXBuildFile; fileRef = 4E2873752815DA05000D16E9 /* BlockingActivityIndicator.swift */; };
		4E2873792815DBBC000D16E9 /* ToastPresenter.swift in Sources */ = {isa = PBXBuildFile; fileRef = 4E2873782815DBBC000D16E9 /* ToastPresenter.swift */; };
		4E28737B2815DBD2000D16E9 /* TostWarningView.swift in Sources */ = {isa = PBXBuildFile; fileRef = 4E28737A2815DBD2000D16E9 /* TostWarningView.swift */; };
		4EBE64F2280B062B00852990 /* (null) in Embed Frameworks */ = {isa = PBXBuildFile; settings = {ATTRIBUTES = (CodeSignOnCopy, RemoveHeadersOnCopy, ); }; };
		4EBE6673280ECC4400852990 /* UIImageView+Extensions.swift in Sources */ = {isa = PBXBuildFile; fileRef = 4EBE6648280ECC4400852990 /* UIImageView+Extensions.swift */; };
		4EBE6674280ECC4400852990 /* UIImage+Extensions.swift in Sources */ = {isa = PBXBuildFile; fileRef = 4EBE6649280ECC4400852990 /* UIImage+Extensions.swift */; };
		4EBE6675280ECC4400852990 /* ReusableView+Extensions.swift in Sources */ = {isa = PBXBuildFile; fileRef = 4EBE664A280ECC4400852990 /* ReusableView+Extensions.swift */; };
		4EBE6676280ECC4400852990 /* UICollectionView+Extensions.swift in Sources */ = {isa = PBXBuildFile; fileRef = 4EBE664B280ECC4400852990 /* UICollectionView+Extensions.swift */; };
		4EBE6677280ECC4400852990 /* Localizable.strings in Resources */ = {isa = PBXBuildFile; fileRef = 4EBE664E280ECC4400852990 /* Localizable.strings */; };
		4EBE6678280ECC4400852990 /* StringConstants.swift in Sources */ = {isa = PBXBuildFile; fileRef = 4EBE6650280ECC4400852990 /* StringConstants.swift */; };
		4EBE6679280ECC4400852990 /* JosefinSans-Italic.ttf in Resources */ = {isa = PBXBuildFile; fileRef = 4EBE6653280ECC4400852990 /* JosefinSans-Italic.ttf */; };
		4EBE667A280ECC4400852990 /* JosefinSans-Thin.ttf in Resources */ = {isa = PBXBuildFile; fileRef = 4EBE6654280ECC4400852990 /* JosefinSans-Thin.ttf */; };
		4EBE667B280ECC4400852990 /* JosefinSans-Bold.ttf in Resources */ = {isa = PBXBuildFile; fileRef = 4EBE6655280ECC4400852990 /* JosefinSans-Bold.ttf */; };
		4EBE667C280ECC4400852990 /* JosefinSans-Light.ttf in Resources */ = {isa = PBXBuildFile; fileRef = 4EBE6656280ECC4400852990 /* JosefinSans-Light.ttf */; };
		4EBE667D280ECC4400852990 /* UIFont+Extensions.swift in Sources */ = {isa = PBXBuildFile; fileRef = 4EBE6657280ECC4400852990 /* UIFont+Extensions.swift */; };
		4EBE667E280ECC4400852990 /* JosefinSans-LightItalic.ttf in Resources */ = {isa = PBXBuildFile; fileRef = 4EBE6658280ECC4400852990 /* JosefinSans-LightItalic.ttf */; };
		4EBE667F280ECC4400852990 /* Nunito-ExtraBold.ttf in Resources */ = {isa = PBXBuildFile; fileRef = 4EBE6659280ECC4400852990 /* Nunito-ExtraBold.ttf */; };
		4EBE6680280ECC4400852990 /* JosefinSans-MediumItalic.ttf in Resources */ = {isa = PBXBuildFile; fileRef = 4EBE665A280ECC4400852990 /* JosefinSans-MediumItalic.ttf */; };
		4EBE6681280ECC4400852990 /* Nunito-SemiBold.ttf in Resources */ = {isa = PBXBuildFile; fileRef = 4EBE665B280ECC4400852990 /* Nunito-SemiBold.ttf */; };
		4EBE6682280ECC4400852990 /* Nunito-Bold.ttf in Resources */ = {isa = PBXBuildFile; fileRef = 4EBE665C280ECC4400852990 /* Nunito-Bold.ttf */; };
		4EBE6683280ECC4400852990 /* JosefinSans-SemiBold.ttf in Resources */ = {isa = PBXBuildFile; fileRef = 4EBE665D280ECC4400852990 /* JosefinSans-SemiBold.ttf */; };
		4EBE6684280ECC4400852990 /* Fonts.swift in Sources */ = {isa = PBXBuildFile; fileRef = 4EBE665E280ECC4400852990 /* Fonts.swift */; };
		4EBE6685280ECC4400852990 /* JosefinSans-Regular.ttf in Resources */ = {isa = PBXBuildFile; fileRef = 4EBE665F280ECC4400852990 /* JosefinSans-Regular.ttf */; };
		4EBE6686280ECC4400852990 /* JosefinSans-ExtraLightItalic.ttf in Resources */ = {isa = PBXBuildFile; fileRef = 4EBE6660280ECC4400852990 /* JosefinSans-ExtraLightItalic.ttf */; };
		4EBE6687280ECC4400852990 /* JosefinSans-Medium.ttf in Resources */ = {isa = PBXBuildFile; fileRef = 4EBE6661280ECC4400852990 /* JosefinSans-Medium.ttf */; };
		4EBE6688280ECC4400852990 /* JosefinSans-BoldItalic.ttf in Resources */ = {isa = PBXBuildFile; fileRef = 4EBE6662280ECC4400852990 /* JosefinSans-BoldItalic.ttf */; };
		4EBE6689280ECC4400852990 /* JosefinSans-ThinItalic.ttf in Resources */ = {isa = PBXBuildFile; fileRef = 4EBE6663280ECC4400852990 /* JosefinSans-ThinItalic.ttf */; };
		4EBE668A280ECC4400852990 /* JosefinSans-ExtraLight.ttf in Resources */ = {isa = PBXBuildFile; fileRef = 4EBE6664280ECC4400852990 /* JosefinSans-ExtraLight.ttf */; };
		4EBE668B280ECC4400852990 /* JosefinSans-SemiBoldItalic.ttf in Resources */ = {isa = PBXBuildFile; fileRef = 4EBE6665280ECC4400852990 /* JosefinSans-SemiBoldItalic.ttf */; };
		4EBE668C280ECC4400852990 /* Assets.swift in Sources */ = {isa = PBXBuildFile; fileRef = 4EBE6667280ECC4400852990 /* Assets.swift */; };
		4EBE668D280ECC4400852990 /* UIImage+Icons.swift in Sources */ = {isa = PBXBuildFile; fileRef = 4EBE6668280ECC4400852990 /* UIImage+Icons.swift */; };
		4EBE668E280ECC4400852990 /* Colors.xcassets in Resources */ = {isa = PBXBuildFile; fileRef = 4EBE6669280ECC4400852990 /* Colors.xcassets */; };
		4EBE6690280ECC4400852990 /* Icons.xcassets in Resources */ = {isa = PBXBuildFile; fileRef = 4EBE666B280ECC4400852990 /* Icons.xcassets */; };
		4EBE6691280ECC4400852990 /* UIColor+Colors.swift in Sources */ = {isa = PBXBuildFile; fileRef = 4EBE666C280ECC4400852990 /* UIColor+Colors.swift */; };
		4EBE6692280ECC4400852990 /* Images.xcassets in Resources */ = {isa = PBXBuildFile; fileRef = 4EBE666D280ECC4400852990 /* Images.xcassets */; };
		4EBE6693280ECC4400852990 /* ImageCellModel.swift in Sources */ = {isa = PBXBuildFile; fileRef = 4EBE666F280ECC4400852990 /* ImageCellModel.swift */; };
		4EBE6694280ECC4400852990 /* ImageCell.swift in Sources */ = {isa = PBXBuildFile; fileRef = 4EBE6670280ECC4400852990 /* ImageCell.swift */; };
		4EBE6695280ECC4400852990 /* ReusableView.swift in Sources */ = {isa = PBXBuildFile; fileRef = 4EBE6672280ECC4400852990 /* ReusableView.swift */; };
		4EBE669C280EEA3C00852990 /* swiftgen.yml in Resources */ = {isa = PBXBuildFile; fileRef = 4EBE669B280EEA3C00852990 /* swiftgen.yml */; };
		4EBE66A0280F41F000852990 /* HomeRouter.swift in Sources */ = {isa = PBXBuildFile; fileRef = 4EBE669D280F41F000852990 /* HomeRouter.swift */; };
		4EBE66A1280F41F000852990 /* HomeViewController.swift in Sources */ = {isa = PBXBuildFile; fileRef = 4EBE669E280F41F000852990 /* HomeViewController.swift */; };
		4EBE66A2280F41F000852990 /* HomeViewModel.swift in Sources */ = {isa = PBXBuildFile; fileRef = 4EBE669F280F41F000852990 /* HomeViewModel.swift */; };
		4EBE66A7280F463B00852990 /* colors.stencil in Resources */ = {isa = PBXBuildFile; fileRef = 4EBE66A4280F463B00852990 /* colors.stencil */; };
		4EBE66A8280F463B00852990 /* Icons.stencil in Resources */ = {isa = PBXBuildFile; fileRef = 4EBE66A5280F463B00852990 /* Icons.stencil */; };
		4EBE66A9280F463B00852990 /* images.stencil in Resources */ = {isa = PBXBuildFile; fileRef = 4EBE66A6280F463B00852990 /* images.stencil */; };
		4EBE66AB280F482900852990 /* UIImage+Images.swift in Sources */ = {isa = PBXBuildFile; fileRef = 4EBE66AA280F482900852990 /* UIImage+Images.swift */; };
		4EBE66BB2810536D00852990 /* FilterRouter.swift in Sources */ = {isa = PBXBuildFile; fileRef = 4EBE66B82810536D00852990 /* FilterRouter.swift */; };
		4EBE66BC2810536D00852990 /* FilterViewController.swift in Sources */ = {isa = PBXBuildFile; fileRef = 4EBE66B92810536D00852990 /* FilterViewController.swift */; };
		4EBE66BD2810536D00852990 /* FilterViewModel.swift in Sources */ = {isa = PBXBuildFile; fileRef = 4EBE66BA2810536D00852990 /* FilterViewModel.swift */; };
		4EBE66C02810539200852990 /* TitleCell.swift in Sources */ = {isa = PBXBuildFile; fileRef = 4EBE66BE2810539200852990 /* TitleCell.swift */; };
		4EBE66C12810539200852990 /* TitleCellModel.swift in Sources */ = {isa = PBXBuildFile; fileRef = 4EBE66BF2810539200852990 /* TitleCellModel.swift */; };
		4EBE66C42810550600852990 /* UITableView+Extensions.swift in Sources */ = {isa = PBXBuildFile; fileRef = 4EBE66C32810550600852990 /* UITableView+Extensions.swift */; };
		4EBE66C6281059F700852990 /* FilterRoute.swift in Sources */ = {isa = PBXBuildFile; fileRef = 4EBE66C5281059F700852990 /* FilterRoute.swift */; };
		4EE02C142812C1AD00380E12 /* DetailRouter.swift in Sources */ = {isa = PBXBuildFile; fileRef = 4EE02C112812C1AD00380E12 /* DetailRouter.swift */; };
		4EE02C152812C1AD00380E12 /* DetailViewController.swift in Sources */ = {isa = PBXBuildFile; fileRef = 4EE02C122812C1AD00380E12 /* DetailViewController.swift */; };
		4EE02C162812C1AD00380E12 /* DetailViewModel.swift in Sources */ = {isa = PBXBuildFile; fileRef = 4EE02C132812C1AD00380E12 /* DetailViewModel.swift */; };
		4EE02C182812C1C100380E12 /* DetailRoute.swift in Sources */ = {isa = PBXBuildFile; fileRef = 4EE02C172812C1C100380E12 /* DetailRoute.swift */; };
		4EF55A50280AE9D4007D1FB5 /* Utilities.framework in Frameworks */ = {isa = PBXBuildFile; fileRef = 4EF55A4F280AE9D4007D1FB5 /* Utilities.framework */; };
		4EF55A51280AE9D4007D1FB5 /* Utilities.framework in Embed Frameworks */ = {isa = PBXBuildFile; fileRef = 4EF55A4F280AE9D4007D1FB5 /* Utilities.framework */; settings = {ATTRIBUTES = (CodeSignOnCopy, RemoveHeadersOnCopy, ); }; };
		4EF55A56280AEAD6007D1FB5 /* DataProvider.swift in Sources */ = {isa = PBXBuildFile; fileRef = 4EF55A53280AEAD6007D1FB5 /* DataProvider.swift */; };
		4EF55A57280AEAD6007D1FB5 /* APILogger.swift in Sources */ = {isa = PBXBuildFile; fileRef = 4EF55A54280AEAD6007D1FB5 /* APILogger.swift */; };
		4EF55A58280AEAD6007D1FB5 /* APIRequestInterceptor.swift in Sources */ = {isa = PBXBuildFile; fileRef = 4EF55A55280AEAD6007D1FB5 /* APIRequestInterceptor.swift */; };
		6CC33E7C519001DB543DF0A4 /* Pods_NasaAmberIOS.framework in Frameworks */ = {isa = PBXBuildFile; fileRef = 94553DA0E995D9B660FFB5D5 /* Pods_NasaAmberIOS.framework */; };
		913BBD5629DFDD4E600CF016 /* Pods_NasaAmberIOS_NasaAmberIOSUITests.framework in Frameworks */ = {isa = PBXBuildFile; fileRef = 3719FEC12A0558180AC33B19 /* Pods_NasaAmberIOS_NasaAmberIOSUITests.framework */; };
		E3A48F1365FD518F5247989C /* Pods_NasaAmberIOSTests.framework in Frameworks */ = {isa = PBXBuildFile; fileRef = F6B32564F60E3550096473CD /* Pods_NasaAmberIOSTests.framework */; };
/* End PBXBuildFile section */

/* Begin PBXContainerItemProxy section */
		4E060E1A280AB4C60024502B /* PBXContainerItemProxy */ = {
			isa = PBXContainerItemProxy;
			containerPortal = 4E060DFB280AB4C10024502B /* Project object */;
			proxyType = 1;
			remoteGlobalIDString = 4E060E02280AB4C10024502B;
			remoteInfo = NasaAmberIOS;
		};
		4E060E24280AB4C60024502B /* PBXContainerItemProxy */ = {
			isa = PBXContainerItemProxy;
			containerPortal = 4E060DFB280AB4C10024502B /* Project object */;
			proxyType = 1;
			remoteGlobalIDString = 4E060E02280AB4C10024502B;
			remoteInfo = NasaAmberIOS;
		};
/* End PBXContainerItemProxy section */

/* Begin PBXCopyFilesBuildPhase section */
		4E060EE9280AE5A90024502B /* Embed Frameworks */ = {
			isa = PBXCopyFilesBuildPhase;
			buildActionMask = 2147483647;
			dstPath = "";
			dstSubfolderSpec = 10;
			files = (
				4EF55A51280AE9D4007D1FB5 /* Utilities.framework in Embed Frameworks */,
				4EBE64F2280B062B00852990 /* (null) in Embed Frameworks */,
				4E060EE8280AE5A90024502B /* DataProvider.framework in Embed Frameworks */,
			);
			name = "Embed Frameworks";
			runOnlyForDeploymentPostprocessing = 0;
		};
/* End PBXCopyFilesBuildPhase section */

/* Begin PBXFileReference section */
		3719FEC12A0558180AC33B19 /* Pods_NasaAmberIOS_NasaAmberIOSUITests.framework */ = {isa = PBXFileReference; explicitFileType = wrapper.framework; includeInIndex = 0; path = Pods_NasaAmberIOS_NasaAmberIOSUITests.framework; sourceTree = BUILT_PRODUCTS_DIR; };
		414BC8CE777BCD892417CE1A /* Pods-NasaAmberIOS.release.xcconfig */ = {isa = PBXFileReference; includeInIndex = 1; lastKnownFileType = text.xcconfig; name = "Pods-NasaAmberIOS.release.xcconfig"; path = "Target Support Files/Pods-NasaAmberIOS/Pods-NasaAmberIOS.release.xcconfig"; sourceTree = "<group>"; };
		4AFDD9AD0092C57A5A2BC65D /* Pods-NasaAmberIOS-NasaAmberIOSUITests.debug.xcconfig */ = {isa = PBXFileReference; includeInIndex = 1; lastKnownFileType = text.xcconfig; name = "Pods-NasaAmberIOS-NasaAmberIOSUITests.debug.xcconfig"; path = "Target Support Files/Pods-NasaAmberIOS-NasaAmberIOSUITests/Pods-NasaAmberIOS-NasaAmberIOSUITests.debug.xcconfig"; sourceTree = "<group>"; };
		4E060E03280AB4C20024502B /* NasaAmberIOS.app */ = {isa = PBXFileReference; explicitFileType = wrapper.application; includeInIndex = 0; path = NasaAmberIOS.app; sourceTree = BUILT_PRODUCTS_DIR; };
		4E060E06280AB4C20024502B /* AppDelegate.swift */ = {isa = PBXFileReference; lastKnownFileType = sourcecode.swift; path = AppDelegate.swift; sourceTree = "<group>"; };
		4E060E0F280AB4C60024502B /* Assets.xcassets */ = {isa = PBXFileReference; lastKnownFileType = folder.assetcatalog; path = Assets.xcassets; sourceTree = "<group>"; };
		4E060E12280AB4C60024502B /* Base */ = {isa = PBXFileReference; lastKnownFileType = file.storyboard; name = Base; path = Base.lproj/LaunchScreen.storyboard; sourceTree = "<group>"; };
		4E060E14280AB4C60024502B /* Info.plist */ = {isa = PBXFileReference; lastKnownFileType = text.plist.xml; path = Info.plist; sourceTree = "<group>"; };
		4E060E19280AB4C60024502B /* NasaAmberIOSTests.xctest */ = {isa = PBXFileReference; explicitFileType = wrapper.cfbundle; includeInIndex = 0; path = NasaAmberIOSTests.xctest; sourceTree = BUILT_PRODUCTS_DIR; };
		4E060E1D280AB4C60024502B /* NasaAmberIOSTests.swift */ = {isa = PBXFileReference; lastKnownFileType = sourcecode.swift; path = NasaAmberIOSTests.swift; sourceTree = "<group>"; };
		4E060E23280AB4C60024502B /* NasaAmberIOSUITests.xctest */ = {isa = PBXFileReference; explicitFileType = wrapper.cfbundle; includeInIndex = 0; path = NasaAmberIOSUITests.xctest; sourceTree = BUILT_PRODUCTS_DIR; };
		4E060E27280AB4C60024502B /* NasaAmberIOSUITests.swift */ = {isa = PBXFileReference; lastKnownFileType = sourcecode.swift; path = NasaAmberIOSUITests.swift; sourceTree = "<group>"; };
		4E060E29280AB4C60024502B /* NasaAmberIOSUITestsLaunchTests.swift */ = {isa = PBXFileReference; lastKnownFileType = sourcecode.swift; path = NasaAmberIOSUITestsLaunchTests.swift; sourceTree = "<group>"; };
		4E060E3A280AB8230024502B /* Animator.swift */ = {isa = PBXFileReference; lastKnownFileType = sourcecode.swift; path = Animator.swift; sourceTree = "<group>"; };
		4E060E3C280AB8490024502B /* Router.swift */ = {isa = PBXFileReference; lastKnownFileType = sourcecode.swift; path = Router.swift; sourceTree = "<group>"; };
		4E060E3F280AB8790024502B /* Transitions.swift */ = {isa = PBXFileReference; lastKnownFileType = sourcecode.swift; path = Transitions.swift; sourceTree = "<group>"; };
		4E060E41280AB89A0024502B /* ModalTransition.swift */ = {isa = PBXFileReference; lastKnownFileType = sourcecode.swift; path = ModalTransition.swift; sourceTree = "<group>"; };
		4E060E43280AB8BF0024502B /* PlaceOnWindowTransition.swift */ = {isa = PBXFileReference; lastKnownFileType = sourcecode.swift; path = PlaceOnWindowTransition.swift; sourceTree = "<group>"; };
		4E060E45280AB8D90024502B /* PushTransition.swift */ = {isa = PBXFileReference; lastKnownFileType = sourcecode.swift; path = PushTransition.swift; sourceTree = "<group>"; };
		4E060E49280AB9430024502B /* BaseViewController.swift */ = {isa = PBXFileReference; lastKnownFileType = sourcecode.swift; path = BaseViewController.swift; sourceTree = "<group>"; };
		4E060E4B280AB9AB0024502B /* BaseViewModel.swift */ = {isa = PBXFileReference; lastKnownFileType = sourcecode.swift; path = BaseViewModel.swift; sourceTree = "<group>"; };
		4E060E4D280ABA080024502B /* MainNavigationController.swift */ = {isa = PBXFileReference; lastKnownFileType = sourcecode.swift; path = MainNavigationController.swift; sourceTree = "<group>"; };
		4E060E4F280ABA4E0024502B /* TransparentNavigationController.swift */ = {isa = PBXFileReference; lastKnownFileType = sourcecode.swift; path = TransparentNavigationController.swift; sourceTree = "<group>"; };
		4E060E51280ABB150024502B /* AppRouter.swift */ = {isa = PBXFileReference; lastKnownFileType = sourcecode.swift; path = AppRouter.swift; sourceTree = "<group>"; };
		4E060E54280ABCF50024502B /* MainTabBarRoute.swift */ = {isa = PBXFileReference; lastKnownFileType = sourcecode.swift; path = MainTabBarRoute.swift; sourceTree = "<group>"; };
		4E060E56280ABD240024502B /* MainTabBarController.swift */ = {isa = PBXFileReference; lastKnownFileType = sourcecode.swift; path = MainTabBarController.swift; sourceTree = "<group>"; };
		4E060E5F280AC0450024502B /* HomeRoute.swift */ = {isa = PBXFileReference; lastKnownFileType = sourcecode.swift; path = HomeRoute.swift; sourceTree = "<group>"; };
		4E060EE2280AE33A0024502B /* NasaAmberIOS-Bridging-Header.h */ = {isa = PBXFileReference; lastKnownFileType = sourcecode.c.h; path = "NasaAmberIOS-Bridging-Header.h"; sourceTree = "<group>"; };
		4E060EE6280AE5A90024502B /* DataProvider.framework */ = {isa = PBXFileReference; explicitFileType = wrapper.framework; path = DataProvider.framework; sourceTree = BUILT_PRODUCTS_DIR; };
		4E060EEA280AE5B00024502B /* UIComponents.framework */ = {isa = PBXFileReference; explicitFileType = wrapper.framework; path = UIComponents.framework; sourceTree = BUILT_PRODUCTS_DIR; };
		4E2873412812E0C4000D16E9 /* CustomLabel.swift */ = {isa = PBXFileReference; lastKnownFileType = sourcecode.swift; path = CustomLabel.swift; sourceTree = "<group>"; };
		4E287347281343DC000D16E9 /* ActivityIndicatorFooterView.swift */ = {isa = PBXFileReference; lastKnownFileType = sourcecode.swift; path = ActivityIndicatorFooterView.swift; sourceTree = "<group>"; };
		4E28734A28134419000D16E9 /* ActivityIndicatorView.swift */ = {isa = PBXFileReference; lastKnownFileType = sourcecode.swift; path = ActivityIndicatorView.swift; sourceTree = "<group>"; };
		4E28734D28134E40000D16E9 /* IntroRouter.swift */ = {isa = PBXFileReference; lastKnownFileType = sourcecode.swift; path = IntroRouter.swift; sourceTree = "<group>"; };
		4E28734E28134E40000D16E9 /* IntroViewController.swift */ = {isa = PBXFileReference; lastKnownFileType = sourcecode.swift; path = IntroViewController.swift; sourceTree = "<group>"; };
		4E28734F28134E40000D16E9 /* IntroViewModel.swift */ = {isa = PBXFileReference; lastKnownFileType = sourcecode.swift; path = IntroViewModel.swift; sourceTree = "<group>"; };
		4E28735328134E4E000D16E9 /* IntroRoute.swift */ = {isa = PBXFileReference; lastKnownFileType = sourcecode.swift; path = IntroRoute.swift; sourceTree = "<group>"; };
		4E28735528134E61000D16E9 /* IntroCell.swift */ = {isa = PBXFileReference; lastKnownFileType = sourcecode.swift; path = IntroCell.swift; sourceTree = "<group>"; };
		4E28735628134E61000D16E9 /* IntroCellModel.swift */ = {isa = PBXFileReference; lastKnownFileType = sourcecode.swift; path = IntroCellModel.swift; sourceTree = "<group>"; };
		4E28735C28135483000D16E9 /* ButtonFactory.swift */ = {isa = PBXFileReference; lastKnownFileType = sourcecode.swift; path = ButtonFactory.swift; sourceTree = "<group>"; };
		4E28735F28135503000D16E9 /* PageControl.swift */ = {isa = PBXFileReference; lastKnownFileType = sourcecode.swift; path = PageControl.swift; sourceTree = "<group>"; };
		4E28736228145501000D16E9 /* rover.json */ = {isa = PBXFileReference; fileEncoding = 4; lastKnownFileType = text.json; path = rover.json; sourceTree = "<group>"; };
		4E2873712815D97D000D16E9 /* ActivityIndicatorProtocol.swift */ = {isa = PBXFileReference; lastKnownFileType = sourcecode.swift; path = ActivityIndicatorProtocol.swift; sourceTree = "<group>"; };
		4E2873732815D9A9000D16E9 /* LoadingProtocol.swift */ = {isa = PBXFileReference; lastKnownFileType = sourcecode.swift; path = LoadingProtocol.swift; sourceTree = "<group>"; };
		4E2873752815DA05000D16E9 /* BlockingActivityIndicator.swift */ = {isa = PBXFileReference; lastKnownFileType = sourcecode.swift; path = BlockingActivityIndicator.swift; sourceTree = "<group>"; };
		4E2873782815DBBC000D16E9 /* ToastPresenter.swift */ = {isa = PBXFileReference; lastKnownFileType = sourcecode.swift; path = ToastPresenter.swift; sourceTree = "<group>"; };
		4E28737A2815DBD2000D16E9 /* TostWarningView.swift */ = {isa = PBXFileReference; lastKnownFileType = sourcecode.swift; path = TostWarningView.swift; sourceTree = "<group>"; };
		4EBE64F3280EAEED00852990 /* UIComponents.framework */ = {isa = PBXFileReference; explicitFileType = wrapper.framework; path = UIComponents.framework; sourceTree = BUILT_PRODUCTS_DIR; };
		4EBE6573280EC64000852990 /* UIComponents.framework */ = {isa = PBXFileReference; explicitFileType = wrapper.framework; path = UIComponents.framework; sourceTree = BUILT_PRODUCTS_DIR; };
		4EBE6648280ECC4400852990 /* UIImageView+Extensions.swift */ = {isa = PBXFileReference; fileEncoding = 4; lastKnownFileType = sourcecode.swift; path = "UIImageView+Extensions.swift"; sourceTree = "<group>"; };
		4EBE6649280ECC4400852990 /* UIImage+Extensions.swift */ = {isa = PBXFileReference; fileEncoding = 4; lastKnownFileType = sourcecode.swift; path = "UIImage+Extensions.swift"; sourceTree = "<group>"; };
		4EBE664A280ECC4400852990 /* ReusableView+Extensions.swift */ = {isa = PBXFileReference; fileEncoding = 4; lastKnownFileType = sourcecode.swift; path = "ReusableView+Extensions.swift"; sourceTree = "<group>"; };
		4EBE664B280ECC4400852990 /* UICollectionView+Extensions.swift */ = {isa = PBXFileReference; fileEncoding = 4; lastKnownFileType = sourcecode.swift; path = "UICollectionView+Extensions.swift"; sourceTree = "<group>"; };
		4EBE664F280ECC4400852990 /* en */ = {isa = PBXFileReference; lastKnownFileType = text.plist.strings; name = en; path = en.lproj/Localizable.strings; sourceTree = "<group>"; };
		4EBE6650280ECC4400852990 /* StringConstants.swift */ = {isa = PBXFileReference; fileEncoding = 4; lastKnownFileType = sourcecode.swift; path = StringConstants.swift; sourceTree = "<group>"; };
		4EBE6653280ECC4400852990 /* JosefinSans-Italic.ttf */ = {isa = PBXFileReference; lastKnownFileType = file; path = "JosefinSans-Italic.ttf"; sourceTree = "<group>"; };
		4EBE6654280ECC4400852990 /* JosefinSans-Thin.ttf */ = {isa = PBXFileReference; lastKnownFileType = file; path = "JosefinSans-Thin.ttf"; sourceTree = "<group>"; };
		4EBE6655280ECC4400852990 /* JosefinSans-Bold.ttf */ = {isa = PBXFileReference; lastKnownFileType = file; path = "JosefinSans-Bold.ttf"; sourceTree = "<group>"; };
		4EBE6656280ECC4400852990 /* JosefinSans-Light.ttf */ = {isa = PBXFileReference; lastKnownFileType = file; path = "JosefinSans-Light.ttf"; sourceTree = "<group>"; };
		4EBE6657280ECC4400852990 /* UIFont+Extensions.swift */ = {isa = PBXFileReference; fileEncoding = 4; lastKnownFileType = sourcecode.swift; path = "UIFont+Extensions.swift"; sourceTree = "<group>"; };
		4EBE6658280ECC4400852990 /* JosefinSans-LightItalic.ttf */ = {isa = PBXFileReference; lastKnownFileType = file; path = "JosefinSans-LightItalic.ttf"; sourceTree = "<group>"; };
		4EBE6659280ECC4400852990 /* Nunito-ExtraBold.ttf */ = {isa = PBXFileReference; lastKnownFileType = file; path = "Nunito-ExtraBold.ttf"; sourceTree = "<group>"; };
		4EBE665A280ECC4400852990 /* JosefinSans-MediumItalic.ttf */ = {isa = PBXFileReference; lastKnownFileType = file; path = "JosefinSans-MediumItalic.ttf"; sourceTree = "<group>"; };
		4EBE665B280ECC4400852990 /* Nunito-SemiBold.ttf */ = {isa = PBXFileReference; lastKnownFileType = file; path = "Nunito-SemiBold.ttf"; sourceTree = "<group>"; };
		4EBE665C280ECC4400852990 /* Nunito-Bold.ttf */ = {isa = PBXFileReference; lastKnownFileType = file; path = "Nunito-Bold.ttf"; sourceTree = "<group>"; };
		4EBE665D280ECC4400852990 /* JosefinSans-SemiBold.ttf */ = {isa = PBXFileReference; lastKnownFileType = file; path = "JosefinSans-SemiBold.ttf"; sourceTree = "<group>"; };
		4EBE665E280ECC4400852990 /* Fonts.swift */ = {isa = PBXFileReference; fileEncoding = 4; lastKnownFileType = sourcecode.swift; path = Fonts.swift; sourceTree = "<group>"; };
		4EBE665F280ECC4400852990 /* JosefinSans-Regular.ttf */ = {isa = PBXFileReference; lastKnownFileType = file; path = "JosefinSans-Regular.ttf"; sourceTree = "<group>"; };
		4EBE6660280ECC4400852990 /* JosefinSans-ExtraLightItalic.ttf */ = {isa = PBXFileReference; lastKnownFileType = file; path = "JosefinSans-ExtraLightItalic.ttf"; sourceTree = "<group>"; };
		4EBE6661280ECC4400852990 /* JosefinSans-Medium.ttf */ = {isa = PBXFileReference; lastKnownFileType = file; path = "JosefinSans-Medium.ttf"; sourceTree = "<group>"; };
		4EBE6662280ECC4400852990 /* JosefinSans-BoldItalic.ttf */ = {isa = PBXFileReference; lastKnownFileType = file; path = "JosefinSans-BoldItalic.ttf"; sourceTree = "<group>"; };
		4EBE6663280ECC4400852990 /* JosefinSans-ThinItalic.ttf */ = {isa = PBXFileReference; lastKnownFileType = file; path = "JosefinSans-ThinItalic.ttf"; sourceTree = "<group>"; };
		4EBE6664280ECC4400852990 /* JosefinSans-ExtraLight.ttf */ = {isa = PBXFileReference; lastKnownFileType = file; path = "JosefinSans-ExtraLight.ttf"; sourceTree = "<group>"; };
		4EBE6665280ECC4400852990 /* JosefinSans-SemiBoldItalic.ttf */ = {isa = PBXFileReference; lastKnownFileType = file; path = "JosefinSans-SemiBoldItalic.ttf"; sourceTree = "<group>"; };
		4EBE6667280ECC4400852990 /* Assets.swift */ = {isa = PBXFileReference; fileEncoding = 4; lastKnownFileType = sourcecode.swift; path = Assets.swift; sourceTree = "<group>"; };
		4EBE6668280ECC4400852990 /* UIImage+Icons.swift */ = {isa = PBXFileReference; fileEncoding = 4; lastKnownFileType = sourcecode.swift; path = "UIImage+Icons.swift"; sourceTree = "<group>"; };
		4EBE6669280ECC4400852990 /* Colors.xcassets */ = {isa = PBXFileReference; lastKnownFileType = folder.assetcatalog; path = Colors.xcassets; sourceTree = "<group>"; };
		4EBE666B280ECC4400852990 /* Icons.xcassets */ = {isa = PBXFileReference; lastKnownFileType = folder.assetcatalog; path = Icons.xcassets; sourceTree = "<group>"; };
		4EBE666C280ECC4400852990 /* UIColor+Colors.swift */ = {isa = PBXFileReference; fileEncoding = 4; lastKnownFileType = sourcecode.swift; path = "UIColor+Colors.swift"; sourceTree = "<group>"; };
		4EBE666D280ECC4400852990 /* Images.xcassets */ = {isa = PBXFileReference; lastKnownFileType = folder.assetcatalog; path = Images.xcassets; sourceTree = "<group>"; };
		4EBE666F280ECC4400852990 /* ImageCellModel.swift */ = {isa = PBXFileReference; fileEncoding = 4; lastKnownFileType = sourcecode.swift; path = ImageCellModel.swift; sourceTree = "<group>"; };
		4EBE6670280ECC4400852990 /* ImageCell.swift */ = {isa = PBXFileReference; fileEncoding = 4; lastKnownFileType = sourcecode.swift; path = ImageCell.swift; sourceTree = "<group>"; };
		4EBE6672280ECC4400852990 /* ReusableView.swift */ = {isa = PBXFileReference; fileEncoding = 4; lastKnownFileType = sourcecode.swift; path = ReusableView.swift; sourceTree = "<group>"; };
		4EBE669B280EEA3C00852990 /* swiftgen.yml */ = {isa = PBXFileReference; fileEncoding = 4; lastKnownFileType = text.yaml; path = swiftgen.yml; sourceTree = "<group>"; };
		4EBE669D280F41F000852990 /* HomeRouter.swift */ = {isa = PBXFileReference; lastKnownFileType = sourcecode.swift; path = HomeRouter.swift; sourceTree = "<group>"; };
		4EBE669E280F41F000852990 /* HomeViewController.swift */ = {isa = PBXFileReference; lastKnownFileType = sourcecode.swift; path = HomeViewController.swift; sourceTree = "<group>"; };
		4EBE669F280F41F000852990 /* HomeViewModel.swift */ = {isa = PBXFileReference; lastKnownFileType = sourcecode.swift; path = HomeViewModel.swift; sourceTree = "<group>"; };
		4EBE66A4280F463B00852990 /* colors.stencil */ = {isa = PBXFileReference; fileEncoding = 4; lastKnownFileType = text; path = colors.stencil; sourceTree = "<group>"; };
		4EBE66A5280F463B00852990 /* Icons.stencil */ = {isa = PBXFileReference; fileEncoding = 4; lastKnownFileType = text; path = Icons.stencil; sourceTree = "<group>"; };
		4EBE66A6280F463B00852990 /* images.stencil */ = {isa = PBXFileReference; fileEncoding = 4; lastKnownFileType = text; path = images.stencil; sourceTree = "<group>"; };
		4EBE66AA280F482900852990 /* UIImage+Images.swift */ = {isa = PBXFileReference; fileEncoding = 4; lastKnownFileType = sourcecode.swift; path = "UIImage+Images.swift"; sourceTree = "<group>"; };
		4EBE66B82810536D00852990 /* FilterRouter.swift */ = {isa = PBXFileReference; lastKnownFileType = sourcecode.swift; path = FilterRouter.swift; sourceTree = "<group>"; };
		4EBE66B92810536D00852990 /* FilterViewController.swift */ = {isa = PBXFileReference; lastKnownFileType = sourcecode.swift; path = FilterViewController.swift; sourceTree = "<group>"; };
		4EBE66BA2810536D00852990 /* FilterViewModel.swift */ = {isa = PBXFileReference; lastKnownFileType = sourcecode.swift; path = FilterViewModel.swift; sourceTree = "<group>"; };
		4EBE66BE2810539200852990 /* TitleCell.swift */ = {isa = PBXFileReference; lastKnownFileType = sourcecode.swift; path = TitleCell.swift; sourceTree = "<group>"; };
		4EBE66BF2810539200852990 /* TitleCellModel.swift */ = {isa = PBXFileReference; lastKnownFileType = sourcecode.swift; path = TitleCellModel.swift; sourceTree = "<group>"; };
		4EBE66C32810550600852990 /* UITableView+Extensions.swift */ = {isa = PBXFileReference; lastKnownFileType = sourcecode.swift; path = "UITableView+Extensions.swift"; sourceTree = "<group>"; };
		4EBE66C5281059F700852990 /* FilterRoute.swift */ = {isa = PBXFileReference; lastKnownFileType = sourcecode.swift; path = FilterRoute.swift; sourceTree = "<group>"; };
		4EE02C112812C1AD00380E12 /* DetailRouter.swift */ = {isa = PBXFileReference; lastKnownFileType = sourcecode.swift; path = DetailRouter.swift; sourceTree = "<group>"; };
		4EE02C122812C1AD00380E12 /* DetailViewController.swift */ = {isa = PBXFileReference; lastKnownFileType = sourcecode.swift; path = DetailViewController.swift; sourceTree = "<group>"; };
		4EE02C132812C1AD00380E12 /* DetailViewModel.swift */ = {isa = PBXFileReference; lastKnownFileType = sourcecode.swift; path = DetailViewModel.swift; sourceTree = "<group>"; };
		4EE02C172812C1C100380E12 /* DetailRoute.swift */ = {isa = PBXFileReference; lastKnownFileType = sourcecode.swift; path = DetailRoute.swift; sourceTree = "<group>"; };
		4EF55A4F280AE9D4007D1FB5 /* Utilities.framework */ = {isa = PBXFileReference; explicitFileType = wrapper.framework; path = Utilities.framework; sourceTree = BUILT_PRODUCTS_DIR; };
		4EF55A53280AEAD6007D1FB5 /* DataProvider.swift */ = {isa = PBXFileReference; fileEncoding = 4; lastKnownFileType = sourcecode.swift; path = DataProvider.swift; sourceTree = "<group>"; };
		4EF55A54280AEAD6007D1FB5 /* APILogger.swift */ = {isa = PBXFileReference; fileEncoding = 4; lastKnownFileType = sourcecode.swift; path = APILogger.swift; sourceTree = "<group>"; };
		4EF55A55280AEAD6007D1FB5 /* APIRequestInterceptor.swift */ = {isa = PBXFileReference; fileEncoding = 4; lastKnownFileType = sourcecode.swift; path = APIRequestInterceptor.swift; sourceTree = "<group>"; };
		4EF8AA3E280B042C002A9D33 /* UIComponents.framework */ = {isa = PBXFileReference; explicitFileType = wrapper.framework; path = UIComponents.framework; sourceTree = BUILT_PRODUCTS_DIR; };
		94553DA0E995D9B660FFB5D5 /* Pods_NasaAmberIOS.framework */ = {isa = PBXFileReference; explicitFileType = wrapper.framework; includeInIndex = 0; path = Pods_NasaAmberIOS.framework; sourceTree = BUILT_PRODUCTS_DIR; };
		AFD409D74DB183A17F540B12 /* Pods-NasaAmberIOS.debug.xcconfig */ = {isa = PBXFileReference; includeInIndex = 1; lastKnownFileType = text.xcconfig; name = "Pods-NasaAmberIOS.debug.xcconfig"; path = "Target Support Files/Pods-NasaAmberIOS/Pods-NasaAmberIOS.debug.xcconfig"; sourceTree = "<group>"; };
		B1A6750D6E48FF7A0F11DE28 /* Pods-NasaAmberIOSTests.debug.xcconfig */ = {isa = PBXFileReference; includeInIndex = 1; lastKnownFileType = text.xcconfig; name = "Pods-NasaAmberIOSTests.debug.xcconfig"; path = "Target Support Files/Pods-NasaAmberIOSTests/Pods-NasaAmberIOSTests.debug.xcconfig"; sourceTree = "<group>"; };
		B4D0EA9BC3C9127F3C3253D7 /* Pods-NasaAmberIOSTests.release.xcconfig */ = {isa = PBXFileReference; includeInIndex = 1; lastKnownFileType = text.xcconfig; name = "Pods-NasaAmberIOSTests.release.xcconfig"; path = "Target Support Files/Pods-NasaAmberIOSTests/Pods-NasaAmberIOSTests.release.xcconfig"; sourceTree = "<group>"; };
		D1C203EB31025CF65F8381B6 /* Pods-NasaAmberIOS-NasaAmberIOSUITests.release.xcconfig */ = {isa = PBXFileReference; includeInIndex = 1; lastKnownFileType = text.xcconfig; name = "Pods-NasaAmberIOS-NasaAmberIOSUITests.release.xcconfig"; path = "Target Support Files/Pods-NasaAmberIOS-NasaAmberIOSUITests/Pods-NasaAmberIOS-NasaAmberIOSUITests.release.xcconfig"; sourceTree = "<group>"; };
		F6B32564F60E3550096473CD /* Pods_NasaAmberIOSTests.framework */ = {isa = PBXFileReference; explicitFileType = wrapper.framework; includeInIndex = 0; path = Pods_NasaAmberIOSTests.framework; sourceTree = BUILT_PRODUCTS_DIR; };
/* End PBXFileReference section */

/* Begin PBXFrameworksBuildPhase section */
		4E060E00280AB4C10024502B /* Frameworks */ = {
			isa = PBXFrameworksBuildPhase;
			buildActionMask = 2147483647;
			files = (
				4E060EE7280AE5A90024502B /* DataProvider.framework in Frameworks */,
				4EF55A50280AE9D4007D1FB5 /* Utilities.framework in Frameworks */,
				6CC33E7C519001DB543DF0A4 /* Pods_NasaAmberIOS.framework in Frameworks */,
			);
			runOnlyForDeploymentPostprocessing = 0;
		};
		4E060E16280AB4C60024502B /* Frameworks */ = {
			isa = PBXFrameworksBuildPhase;
			buildActionMask = 2147483647;
			files = (
				E3A48F1365FD518F5247989C /* Pods_NasaAmberIOSTests.framework in Frameworks */,
			);
			runOnlyForDeploymentPostprocessing = 0;
		};
		4E060E20280AB4C60024502B /* Frameworks */ = {
			isa = PBXFrameworksBuildPhase;
			buildActionMask = 2147483647;
			files = (
				913BBD5629DFDD4E600CF016 /* Pods_NasaAmberIOS_NasaAmberIOSUITests.framework in Frameworks */,
			);
			runOnlyForDeploymentPostprocessing = 0;
		};
/* End PBXFrameworksBuildPhase section */

/* Begin PBXGroup section */
		1836D5B6E46728DA261B7776 /* Pods */ = {
			isa = PBXGroup;
			children = (
				AFD409D74DB183A17F540B12 /* Pods-NasaAmberIOS.debug.xcconfig */,
				414BC8CE777BCD892417CE1A /* Pods-NasaAmberIOS.release.xcconfig */,
				4AFDD9AD0092C57A5A2BC65D /* Pods-NasaAmberIOS-NasaAmberIOSUITests.debug.xcconfig */,
				D1C203EB31025CF65F8381B6 /* Pods-NasaAmberIOS-NasaAmberIOSUITests.release.xcconfig */,
				B1A6750D6E48FF7A0F11DE28 /* Pods-NasaAmberIOSTests.debug.xcconfig */,
				B4D0EA9BC3C9127F3C3253D7 /* Pods-NasaAmberIOSTests.release.xcconfig */,
			);
			path = Pods;
			sourceTree = "<group>";
		};
		4E060DFA280AB4C10024502B = {
			isa = PBXGroup;
			children = (
				4EBE669B280EEA3C00852990 /* swiftgen.yml */,
				4E060E05280AB4C20024502B /* NasaAmberIOS */,
				4E060E1C280AB4C60024502B /* NasaAmberIOSTests */,
				4E060E26280AB4C60024502B /* NasaAmberIOSUITests */,
				4E060E04280AB4C20024502B /* Products */,
				1836D5B6E46728DA261B7776 /* Pods */,
				4E55E9D49BCD0EE968ED1CDD /* Frameworks */,
			);
			sourceTree = "<group>";
		};
		4E060E04280AB4C20024502B /* Products */ = {
			isa = PBXGroup;
			children = (
				4E060E03280AB4C20024502B /* NasaAmberIOS.app */,
				4E060E19280AB4C60024502B /* NasaAmberIOSTests.xctest */,
				4E060E23280AB4C60024502B /* NasaAmberIOSUITests.xctest */,
			);
			name = Products;
			sourceTree = "<group>";
		};
		4E060E05280AB4C20024502B /* NasaAmberIOS */ = {
			isa = PBXGroup;
			children = (
				4EBE66A3280F463B00852990 /* SwiftGenTemplates */,
				4E060E36280AB76D0024502B /* AppDelegate */,
				4E060EE1280AE30E0024502B /* Configuration */,
				4E060E37280AB7BB0024502B /* Routing */,
				4EF55A52280AEAD6007D1FB5 /* DataProvider */,
				4E060E47280AB9120024502B /* Scenes */,
				4EBE6576280EC84800852990 /* UIComponents */,
				4E060E0F280AB4C60024502B /* Assets.xcassets */,
				4E060E11280AB4C60024502B /* LaunchScreen.storyboard */,
				4E060E14280AB4C60024502B /* Info.plist */,
			);
			path = NasaAmberIOS;
			sourceTree = "<group>";
		};
		4E060E1C280AB4C60024502B /* NasaAmberIOSTests */ = {
			isa = PBXGroup;
			children = (
				4E060E1D280AB4C60024502B /* NasaAmberIOSTests.swift */,
			);
			path = NasaAmberIOSTests;
			sourceTree = "<group>";
		};
		4E060E26280AB4C60024502B /* NasaAmberIOSUITests */ = {
			isa = PBXGroup;
			children = (
				4E060E27280AB4C60024502B /* NasaAmberIOSUITests.swift */,
				4E060E29280AB4C60024502B /* NasaAmberIOSUITestsLaunchTests.swift */,
			);
			path = NasaAmberIOSUITests;
			sourceTree = "<group>";
		};
		4E060E36280AB76D0024502B /* AppDelegate */ = {
			isa = PBXGroup;
			children = (
				4E060E06280AB4C20024502B /* AppDelegate.swift */,
			);
			path = AppDelegate;
			sourceTree = "<group>";
		};
		4E060E37280AB7BB0024502B /* Routing */ = {
			isa = PBXGroup;
			children = (
				4E060E3E280AB8640024502B /* Transitions */,
				4E060E39280AB7F40024502B /* Core */,
				4E060E38280AB7D90024502B /* Routers */,
			);
			path = Routing;
			sourceTree = "<group>";
		};
		4E060E38280AB7D90024502B /* Routers */ = {
			isa = PBXGroup;
			children = (
				4E060E51280ABB150024502B /* AppRouter.swift */,
			);
			path = Routers;
			sourceTree = "<group>";
		};
		4E060E39280AB7F40024502B /* Core */ = {
			isa = PBXGroup;
			children = (
				4E060E3A280AB8230024502B /* Animator.swift */,
				4E060E3C280AB8490024502B /* Router.swift */,
			);
			path = Core;
			sourceTree = "<group>";
		};
		4E060E3E280AB8640024502B /* Transitions */ = {
			isa = PBXGroup;
			children = (
				4E060E3F280AB8790024502B /* Transitions.swift */,
				4E060E41280AB89A0024502B /* ModalTransition.swift */,
				4E060E43280AB8BF0024502B /* PlaceOnWindowTransition.swift */,
				4E060E45280AB8D90024502B /* PushTransition.swift */,
			);
			path = Transitions;
			sourceTree = "<group>";
		};
		4E060E47280AB9120024502B /* Scenes */ = {
			isa = PBXGroup;
			children = (
				4E28734C28134E08000D16E9 /* Intro */,
				4EE02C102812C18400380E12 /* Detail */,
				4EBE66C2281054AC00852990 /* Filter */,
				4E060E58280AC00D0024502B /* HomeScene */,
				4E060E53280ABCE20024502B /* Main */,
				4E060E48280AB91B0024502B /* Base */,
			);
			path = Scenes;
			sourceTree = "<group>";
		};
		4E060E48280AB91B0024502B /* Base */ = {
			isa = PBXGroup;
			children = (
				4E060E49280AB9430024502B /* BaseViewController.swift */,
				4E060E4B280AB9AB0024502B /* BaseViewModel.swift */,
				4E060E4D280ABA080024502B /* MainNavigationController.swift */,
				4E060E4F280ABA4E0024502B /* TransparentNavigationController.swift */,
			);
			path = Base;
			sourceTree = "<group>";
		};
		4E060E53280ABCE20024502B /* Main */ = {
			isa = PBXGroup;
			children = (
				4E060E54280ABCF50024502B /* MainTabBarRoute.swift */,
				4E060E56280ABD240024502B /* MainTabBarController.swift */,
			);
			path = Main;
			sourceTree = "<group>";
		};
		4E060E58280AC00D0024502B /* HomeScene */ = {
			isa = PBXGroup;
			children = (
				4E060E5F280AC0450024502B /* HomeRoute.swift */,
				4EBE669D280F41F000852990 /* HomeRouter.swift */,
				4EBE669E280F41F000852990 /* HomeViewController.swift */,
				4EBE669F280F41F000852990 /* HomeViewModel.swift */,
			);
			path = HomeScene;
			sourceTree = "<group>";
		};
		4E060EE1280AE30E0024502B /* Configuration */ = {
			isa = PBXGroup;
			children = (
				4E060EE2280AE33A0024502B /* NasaAmberIOS-Bridging-Header.h */,
			);
			path = Configuration;
			sourceTree = "<group>";
		};
		4E2873402812E0A6000D16E9 /* UILabel */ = {
			isa = PBXGroup;
			children = (
				4E2873412812E0C4000D16E9 /* CustomLabel.swift */,
			);
			path = UILabel;
			sourceTree = "<group>";
		};
		4E287345281343C3000D16E9 /* Loading */ = {
			isa = PBXGroup;
			children = (
				4E287346281343D0000D16E9 /* ActivityIndicatorFooterView */,
				4E2873712815D97D000D16E9 /* ActivityIndicatorProtocol.swift */,
				4E2873732815D9A9000D16E9 /* LoadingProtocol.swift */,
				4E2873752815DA05000D16E9 /* BlockingActivityIndicator.swift */,
			);
			path = Loading;
			sourceTree = "<group>";
		};
		4E287346281343D0000D16E9 /* ActivityIndicatorFooterView */ = {
			isa = PBXGroup;
			children = (
				4E287347281343DC000D16E9 /* ActivityIndicatorFooterView.swift */,
			);
			path = ActivityIndicatorFooterView;
			sourceTree = "<group>";
		};
		4E2873492813440D000D16E9 /* ActivityIndicatorView */ = {
			isa = PBXGroup;
			children = (
				4E28734A28134419000D16E9 /* ActivityIndicatorView.swift */,
			);
			path = ActivityIndicatorView;
			sourceTree = "<group>";
		};
		4E28734C28134E08000D16E9 /* Intro */ = {
			isa = PBXGroup;
			children = (
				4E28734D28134E40000D16E9 /* IntroRouter.swift */,
				4E28734E28134E40000D16E9 /* IntroViewController.swift */,
				4E28734F28134E40000D16E9 /* IntroViewModel.swift */,
				4E28735328134E4E000D16E9 /* IntroRoute.swift */,
			);
			path = Intro;
			sourceTree = "<group>";
		};
		4E28735B28135477000D16E9 /* Factory */ = {
			isa = PBXGroup;
			children = (
				4E28735C28135483000D16E9 /* ButtonFactory.swift */,
			);
			path = Factory;
			sourceTree = "<group>";
		};
		4E28735E281354F4000D16E9 /* UIPageControl */ = {
			isa = PBXGroup;
			children = (
				4E28735F28135503000D16E9 /* PageControl.swift */,
			);
			path = UIPageControl;
			sourceTree = "<group>";
		};
		4E287361281454DD000D16E9 /* Animations */ = {
			isa = PBXGroup;
			children = (
				4E28736228145501000D16E9 /* rover.json */,
			);
			path = Animations;
			sourceTree = "<group>";
		};
		4E2873772815DBA6000D16E9 /* Toast */ = {
			isa = PBXGroup;
			children = (
				4E2873782815DBBC000D16E9 /* ToastPresenter.swift */,
				4E28737A2815DBD2000D16E9 /* TostWarningView.swift */,
			);
			path = Toast;
			sourceTree = "<group>";
		};
		4E55E9D49BCD0EE968ED1CDD /* Frameworks */ = {
			isa = PBXGroup;
			children = (
				4EBE6573280EC64000852990 /* UIComponents.framework */,
				4EBE64F3280EAEED00852990 /* UIComponents.framework */,
				4EF8AA3E280B042C002A9D33 /* UIComponents.framework */,
				4EF55A4F280AE9D4007D1FB5 /* Utilities.framework */,
				4E060EEA280AE5B00024502B /* UIComponents.framework */,
				4E060EE6280AE5A90024502B /* DataProvider.framework */,
				94553DA0E995D9B660FFB5D5 /* Pods_NasaAmberIOS.framework */,
				3719FEC12A0558180AC33B19 /* Pods_NasaAmberIOS_NasaAmberIOSUITests.framework */,
				F6B32564F60E3550096473CD /* Pods_NasaAmberIOSTests.framework */,
			);
			name = Frameworks;
			sourceTree = "<group>";
		};
		4EBE6576280EC84800852990 /* UIComponents */ = {
			isa = PBXGroup;
			children = (
				4E2873772815DBA6000D16E9 /* Toast */,
				4E28735E281354F4000D16E9 /* UIPageControl */,
				4E28735B28135477000D16E9 /* Factory */,
				4E2873492813440D000D16E9 /* ActivityIndicatorView */,
				4E287345281343C3000D16E9 /* Loading */,
				4E2873402812E0A6000D16E9 /* UILabel */,
				4EBE6696280EE7F000852990 /* UIView */,
				4EBE666E280ECC4400852990 /* Cell */,
				4EBE6647280ECC4400852990 /* Extensions */,
				4EBE6671280ECC4400852990 /* Protokols */,
				4EBE664C280ECC4400852990 /* Resources */,
			);
			path = UIComponents;
			sourceTree = "<group>";
		};
		4EBE6647280ECC4400852990 /* Extensions */ = {
			isa = PBXGroup;
			children = (
				4EBE6648280ECC4400852990 /* UIImageView+Extensions.swift */,
				4EBE6649280ECC4400852990 /* UIImage+Extensions.swift */,
				4EBE664A280ECC4400852990 /* ReusableView+Extensions.swift */,
				4EBE664B280ECC4400852990 /* UICollectionView+Extensions.swift */,
				4EBE66C32810550600852990 /* UITableView+Extensions.swift */,
			);
			path = Extensions;
			sourceTree = "<group>";
		};
		4EBE664C280ECC4400852990 /* Resources */ = {
			isa = PBXGroup;
			children = (
				4E287361281454DD000D16E9 /* Animations */,
				4EBE664D280ECC4400852990 /* Strings */,
				4EBE6652280ECC4400852990 /* Fonts */,
				4EBE6666280ECC4400852990 /* Assets */,
			);
			path = Resources;
			sourceTree = "<group>";
		};
		4EBE664D280ECC4400852990 /* Strings */ = {
			isa = PBXGroup;
			children = (
				4EBE664E280ECC4400852990 /* Localizable.strings */,
				4EBE6650280ECC4400852990 /* StringConstants.swift */,
			);
			path = Strings;
			sourceTree = "<group>";
		};
		4EBE6652280ECC4400852990 /* Fonts */ = {
			isa = PBXGroup;
			children = (
				4EBE6653280ECC4400852990 /* JosefinSans-Italic.ttf */,
				4EBE6654280ECC4400852990 /* JosefinSans-Thin.ttf */,
				4EBE6655280ECC4400852990 /* JosefinSans-Bold.ttf */,
				4EBE6656280ECC4400852990 /* JosefinSans-Light.ttf */,
				4EBE6657280ECC4400852990 /* UIFont+Extensions.swift */,
				4EBE6658280ECC4400852990 /* JosefinSans-LightItalic.ttf */,
				4EBE6659280ECC4400852990 /* Nunito-ExtraBold.ttf */,
				4EBE665A280ECC4400852990 /* JosefinSans-MediumItalic.ttf */,
				4EBE665B280ECC4400852990 /* Nunito-SemiBold.ttf */,
				4EBE665C280ECC4400852990 /* Nunito-Bold.ttf */,
				4EBE665D280ECC4400852990 /* JosefinSans-SemiBold.ttf */,
				4EBE665E280ECC4400852990 /* Fonts.swift */,
				4EBE665F280ECC4400852990 /* JosefinSans-Regular.ttf */,
				4EBE6660280ECC4400852990 /* JosefinSans-ExtraLightItalic.ttf */,
				4EBE6661280ECC4400852990 /* JosefinSans-Medium.ttf */,
				4EBE6662280ECC4400852990 /* JosefinSans-BoldItalic.ttf */,
				4EBE6663280ECC4400852990 /* JosefinSans-ThinItalic.ttf */,
				4EBE6664280ECC4400852990 /* JosefinSans-ExtraLight.ttf */,
				4EBE6665280ECC4400852990 /* JosefinSans-SemiBoldItalic.ttf */,
			);
			path = Fonts;
			sourceTree = "<group>";
		};
		4EBE6666280ECC4400852990 /* Assets */ = {
			isa = PBXGroup;
			children = (
				4EBE6667280ECC4400852990 /* Assets.swift */,
				4EBE6669280ECC4400852990 /* Colors.xcassets */,
				4EBE666C280ECC4400852990 /* UIColor+Colors.swift */,
				4EBE666B280ECC4400852990 /* Icons.xcassets */,
				4EBE6668280ECC4400852990 /* UIImage+Icons.swift */,
				4EBE666D280ECC4400852990 /* Images.xcassets */,
				4EBE66AA280F482900852990 /* UIImage+Images.swift */,
			);
			path = Assets;
			sourceTree = "<group>";
		};
		4EBE666E280ECC4400852990 /* Cell */ = {
			isa = PBXGroup;
			children = (
				4EBE666F280ECC4400852990 /* ImageCellModel.swift */,
				4EBE6670280ECC4400852990 /* ImageCell.swift */,
				4EBE66BE2810539200852990 /* TitleCell.swift */,
				4EBE66BF2810539200852990 /* TitleCellModel.swift */,
				4E28735528134E61000D16E9 /* IntroCell.swift */,
				4E28735628134E61000D16E9 /* IntroCellModel.swift */,
			);
			path = Cell;
			sourceTree = "<group>";
		};
		4EBE6671280ECC4400852990 /* Protokols */ = {
			isa = PBXGroup;
			children = (
				4EBE6672280ECC4400852990 /* ReusableView.swift */,
			);
			path = Protokols;
			sourceTree = "<group>";
		};
		4EBE6696280EE7F000852990 /* UIView */ = {
			isa = PBXGroup;
			children = (
			);
			path = UIView;
			sourceTree = "<group>";
		};
		4EBE66A3280F463B00852990 /* SwiftGenTemplates */ = {
			isa = PBXGroup;
			children = (
				4EBE66A4280F463B00852990 /* colors.stencil */,
				4EBE66A5280F463B00852990 /* Icons.stencil */,
				4EBE66A6280F463B00852990 /* images.stencil */,
			);
			path = SwiftGenTemplates;
			sourceTree = "<group>";
		};
		4EBE66C2281054AC00852990 /* Filter */ = {
			isa = PBXGroup;
			children = (
				4EBE66B82810536D00852990 /* FilterRouter.swift */,
				4EBE66B92810536D00852990 /* FilterViewController.swift */,
				4EBE66BA2810536D00852990 /* FilterViewModel.swift */,
				4EBE66C5281059F700852990 /* FilterRoute.swift */,
			);
			path = Filter;
			sourceTree = "<group>";
		};
		4EE02C102812C18400380E12 /* Detail */ = {
			isa = PBXGroup;
			children = (
				4EE02C112812C1AD00380E12 /* DetailRouter.swift */,
				4EE02C122812C1AD00380E12 /* DetailViewController.swift */,
				4EE02C132812C1AD00380E12 /* DetailViewModel.swift */,
				4EE02C172812C1C100380E12 /* DetailRoute.swift */,
			);
			path = Detail;
			sourceTree = "<group>";
		};
		4EF55A52280AEAD6007D1FB5 /* DataProvider */ = {
			isa = PBXGroup;
			children = (
				4EF55A53280AEAD6007D1FB5 /* DataProvider.swift */,
				4EF55A54280AEAD6007D1FB5 /* APILogger.swift */,
				4EF55A55280AEAD6007D1FB5 /* APIRequestInterceptor.swift */,
			);
			path = DataProvider;
			sourceTree = "<group>";
		};
/* End PBXGroup section */

/* Begin PBXNativeTarget section */
		4E060E02280AB4C10024502B /* NasaAmberIOS */ = {
			isa = PBXNativeTarget;
			buildConfigurationList = 4E060E2D280AB4C60024502B /* Build configuration list for PBXNativeTarget "NasaAmberIOS" */;
			buildPhases = (
				024315734252C011F8A90BB9 /* [CP] Check Pods Manifest.lock */,
				4EBE669A280EE9C200852990 /* SwiftGen */,
				4E060DFF280AB4C10024502B /* Sources */,
				4E060EE4280AE48A0024502B /* SwiftLint */,
				4E060E00280AB4C10024502B /* Frameworks */,
				4E060E01280AB4C10024502B /* Resources */,
				4E060EE9280AE5A90024502B /* Embed Frameworks */,
				531C01CF8F333384F049D0FF /* [CP] Embed Pods Frameworks */,
			);
			buildRules = (
			);
			dependencies = (
			);
			name = NasaAmberIOS;
			productName = NasaAmberIOS;
			productReference = 4E060E03280AB4C20024502B /* NasaAmberIOS.app */;
			productType = "com.apple.product-type.application";
		};
		4E060E18280AB4C60024502B /* NasaAmberIOSTests */ = {
			isa = PBXNativeTarget;
			buildConfigurationList = 4E060E30280AB4C60024502B /* Build configuration list for PBXNativeTarget "NasaAmberIOSTests" */;
			buildPhases = (
				CBA2544C2ED456FC7439013D /* [CP] Check Pods Manifest.lock */,
				4E060E15280AB4C60024502B /* Sources */,
				4E060E16280AB4C60024502B /* Frameworks */,
				4E060E17280AB4C60024502B /* Resources */,
			);
			buildRules = (
			);
			dependencies = (
				4E060E1B280AB4C60024502B /* PBXTargetDependency */,
			);
			name = NasaAmberIOSTests;
			productName = NasaAmberIOSTests;
			productReference = 4E060E19280AB4C60024502B /* NasaAmberIOSTests.xctest */;
			productType = "com.apple.product-type.bundle.unit-test";
		};
		4E060E22280AB4C60024502B /* NasaAmberIOSUITests */ = {
			isa = PBXNativeTarget;
			buildConfigurationList = 4E060E33280AB4C60024502B /* Build configuration list for PBXNativeTarget "NasaAmberIOSUITests" */;
			buildPhases = (
				BB1807D43AC4E76AE3CE56EC /* [CP] Check Pods Manifest.lock */,
				4E060E1F280AB4C60024502B /* Sources */,
				4E060E20280AB4C60024502B /* Frameworks */,
				4E060E21280AB4C60024502B /* Resources */,
				FADB79C1AF33CF5A7559331A /* [CP] Embed Pods Frameworks */,
			);
			buildRules = (
			);
			dependencies = (
				4E060E25280AB4C60024502B /* PBXTargetDependency */,
			);
			name = NasaAmberIOSUITests;
			productName = NasaAmberIOSUITests;
			productReference = 4E060E23280AB4C60024502B /* NasaAmberIOSUITests.xctest */;
			productType = "com.apple.product-type.bundle.ui-testing";
		};
/* End PBXNativeTarget section */

/* Begin PBXProject section */
		4E060DFB280AB4C10024502B /* Project object */ = {
			isa = PBXProject;
			attributes = {
				BuildIndependentTargetsInParallel = 1;
				LastSwiftUpdateCheck = 1330;
				LastUpgradeCheck = 1330;
				TargetAttributes = {
					4E060E02280AB4C10024502B = {
						CreatedOnToolsVersion = 13.3.1;
						LastSwiftMigration = 1330;
					};
					4E060E18280AB4C60024502B = {
						CreatedOnToolsVersion = 13.3.1;
						TestTargetID = 4E060E02280AB4C10024502B;
					};
					4E060E22280AB4C60024502B = {
						CreatedOnToolsVersion = 13.3.1;
						TestTargetID = 4E060E02280AB4C10024502B;
					};
				};
			};
			buildConfigurationList = 4E060DFE280AB4C10024502B /* Build configuration list for PBXProject "NasaAmberIOS" */;
			compatibilityVersion = "Xcode 13.0";
			developmentRegion = en;
			hasScannedForEncodings = 0;
			knownRegions = (
				en,
				Base,
				tr,
			);
			mainGroup = 4E060DFA280AB4C10024502B;
			productRefGroup = 4E060E04280AB4C20024502B /* Products */;
			projectDirPath = "";
			projectRoot = "";
			targets = (
				4E060E02280AB4C10024502B /* NasaAmberIOS */,
				4E060E18280AB4C60024502B /* NasaAmberIOSTests */,
				4E060E22280AB4C60024502B /* NasaAmberIOSUITests */,
			);
		};
/* End PBXProject section */

/* Begin PBXResourcesBuildPhase section */
		4E060E01280AB4C10024502B /* Resources */ = {
			isa = PBXResourcesBuildPhase;
			buildActionMask = 2147483647;
			files = (
				4EBE6679280ECC4400852990 /* JosefinSans-Italic.ttf in Resources */,
				4EBE6692280ECC4400852990 /* Images.xcassets in Resources */,
				4E060E13280AB4C60024502B /* LaunchScreen.storyboard in Resources */,
				4EBE6677280ECC4400852990 /* Localizable.strings in Resources */,
				4EBE6687280ECC4400852990 /* JosefinSans-Medium.ttf in Resources */,
				4EBE667F280ECC4400852990 /* Nunito-ExtraBold.ttf in Resources */,
				4E060E10280AB4C60024502B /* Assets.xcassets in Resources */,
				4EBE668E280ECC4400852990 /* Colors.xcassets in Resources */,
				4EBE668A280ECC4400852990 /* JosefinSans-ExtraLight.ttf in Resources */,
				4EBE6681280ECC4400852990 /* Nunito-SemiBold.ttf in Resources */,
				4EBE667A280ECC4400852990 /* JosefinSans-Thin.ttf in Resources */,
				4EBE66A9280F463B00852990 /* images.stencil in Resources */,
				4EBE669C280EEA3C00852990 /* swiftgen.yml in Resources */,
				4EBE6690280ECC4400852990 /* Icons.xcassets in Resources */,
				4EBE6688280ECC4400852990 /* JosefinSans-BoldItalic.ttf in Resources */,
				4EBE66A7280F463B00852990 /* colors.stencil in Resources */,
				4EBE667E280ECC4400852990 /* JosefinSans-LightItalic.ttf in Resources */,
				4EBE668B280ECC4400852990 /* JosefinSans-SemiBoldItalic.ttf in Resources */,
				4EBE66A8280F463B00852990 /* Icons.stencil in Resources */,
				4EBE6680280ECC4400852990 /* JosefinSans-MediumItalic.ttf in Resources */,
				4E28736328145501000D16E9 /* rover.json in Resources */,
				4EBE6689280ECC4400852990 /* JosefinSans-ThinItalic.ttf in Resources */,
				4EBE6683280ECC4400852990 /* JosefinSans-SemiBold.ttf in Resources */,
				4EBE6686280ECC4400852990 /* JosefinSans-ExtraLightItalic.ttf in Resources */,
				4EBE667B280ECC4400852990 /* JosefinSans-Bold.ttf in Resources */,
				4EBE6685280ECC4400852990 /* JosefinSans-Regular.ttf in Resources */,
				4EBE6682280ECC4400852990 /* Nunito-Bold.ttf in Resources */,
				4EBE667C280ECC4400852990 /* JosefinSans-Light.ttf in Resources */,
			);
			runOnlyForDeploymentPostprocessing = 0;
		};
		4E060E17280AB4C60024502B /* Resources */ = {
			isa = PBXResourcesBuildPhase;
			buildActionMask = 2147483647;
			files = (
			);
			runOnlyForDeploymentPostprocessing = 0;
		};
		4E060E21280AB4C60024502B /* Resources */ = {
			isa = PBXResourcesBuildPhase;
			buildActionMask = 2147483647;
			files = (
			);
			runOnlyForDeploymentPostprocessing = 0;
		};
/* End PBXResourcesBuildPhase section */

/* Begin PBXShellScriptBuildPhase section */
		024315734252C011F8A90BB9 /* [CP] Check Pods Manifest.lock */ = {
			isa = PBXShellScriptBuildPhase;
			buildActionMask = 2147483647;
			files = (
			);
			inputFileListPaths = (
			);
			inputPaths = (
				"${PODS_PODFILE_DIR_PATH}/Podfile.lock",
				"${PODS_ROOT}/Manifest.lock",
			);
			name = "[CP] Check Pods Manifest.lock";
			outputFileListPaths = (
			);
			outputPaths = (
				"$(DERIVED_FILE_DIR)/Pods-NasaAmberIOS-checkManifestLockResult.txt",
			);
			runOnlyForDeploymentPostprocessing = 0;
			shellPath = /bin/sh;
			shellScript = "diff \"${PODS_PODFILE_DIR_PATH}/Podfile.lock\" \"${PODS_ROOT}/Manifest.lock\" > /dev/null\nif [ $? != 0 ] ; then\n    # print error to STDERR\n    echo \"error: The sandbox is not in sync with the Podfile.lock. Run 'pod install' or update your CocoaPods installation.\" >&2\n    exit 1\nfi\n# This output is used by Xcode 'outputs' to avoid re-running this script phase.\necho \"SUCCESS\" > \"${SCRIPT_OUTPUT_FILE_0}\"\n";
			showEnvVarsInLog = 0;
		};
		4E060EE4280AE48A0024502B /* SwiftLint */ = {
			isa = PBXShellScriptBuildPhase;
			buildActionMask = 2147483647;
			files = (
			);
			inputFileListPaths = (
			);
			inputPaths = (
			);
			name = SwiftLint;
			outputFileListPaths = (
			);
			outputPaths = (
			);
			runOnlyForDeploymentPostprocessing = 0;
			shellPath = /bin/sh;
			shellScript = "\"${PODS_ROOT}/SwiftLint/swiftlint\"\n";
		};
		4EBE669A280EE9C200852990 /* SwiftGen */ = {
			isa = PBXShellScriptBuildPhase;
			buildActionMask = 2147483647;
			files = (
			);
			inputFileListPaths = (
			);
			inputPaths = (
			);
			name = SwiftGen;
			outputFileListPaths = (
			);
			outputPaths = (
			);
			runOnlyForDeploymentPostprocessing = 0;
			shellPath = /bin/sh;
			shellScript = "if [[ -f \"${PODS_ROOT}/SwiftGen/bin/swiftgen\" ]]; then\n  \"${PODS_ROOT}/SwiftGen/bin/swiftgen\"\nelse\n  echo \"warning: SwiftGen is not installed. Run 'pod install --repo-update' to install it.\"\nfi\n";
		};
		531C01CF8F333384F049D0FF /* [CP] Embed Pods Frameworks */ = {
			isa = PBXShellScriptBuildPhase;
			buildActionMask = 2147483647;
			files = (
			);
			inputFileListPaths = (
				"${PODS_ROOT}/Target Support Files/Pods-NasaAmberIOS/Pods-NasaAmberIOS-frameworks-${CONFIGURATION}-input-files.xcfilelist",
			);
			name = "[CP] Embed Pods Frameworks";
			outputFileListPaths = (
				"${PODS_ROOT}/Target Support Files/Pods-NasaAmberIOS/Pods-NasaAmberIOS-frameworks-${CONFIGURATION}-output-files.xcfilelist",
			);
			runOnlyForDeploymentPostprocessing = 0;
			shellPath = /bin/sh;
			shellScript = "\"${PODS_ROOT}/Target Support Files/Pods-NasaAmberIOS/Pods-NasaAmberIOS-frameworks.sh\"\n";
			showEnvVarsInLog = 0;
		};
		BB1807D43AC4E76AE3CE56EC /* [CP] Check Pods Manifest.lock */ = {
			isa = PBXShellScriptBuildPhase;
			buildActionMask = 2147483647;
			files = (
			);
			inputFileListPaths = (
			);
			inputPaths = (
				"${PODS_PODFILE_DIR_PATH}/Podfile.lock",
				"${PODS_ROOT}/Manifest.lock",
			);
			name = "[CP] Check Pods Manifest.lock";
			outputFileListPaths = (
			);
			outputPaths = (
				"$(DERIVED_FILE_DIR)/Pods-NasaAmberIOS-NasaAmberIOSUITests-checkManifestLockResult.txt",
			);
			runOnlyForDeploymentPostprocessing = 0;
			shellPath = /bin/sh;
			shellScript = "diff \"${PODS_PODFILE_DIR_PATH}/Podfile.lock\" \"${PODS_ROOT}/Manifest.lock\" > /dev/null\nif [ $? != 0 ] ; then\n    # print error to STDERR\n    echo \"error: The sandbox is not in sync with the Podfile.lock. Run 'pod install' or update your CocoaPods installation.\" >&2\n    exit 1\nfi\n# This output is used by Xcode 'outputs' to avoid re-running this script phase.\necho \"SUCCESS\" > \"${SCRIPT_OUTPUT_FILE_0}\"\n";
			showEnvVarsInLog = 0;
		};
		CBA2544C2ED456FC7439013D /* [CP] Check Pods Manifest.lock */ = {
			isa = PBXShellScriptBuildPhase;
			buildActionMask = 2147483647;
			files = (
			);
			inputFileListPaths = (
			);
			inputPaths = (
				"${PODS_PODFILE_DIR_PATH}/Podfile.lock",
				"${PODS_ROOT}/Manifest.lock",
			);
			name = "[CP] Check Pods Manifest.lock";
			outputFileListPaths = (
			);
			outputPaths = (
				"$(DERIVED_FILE_DIR)/Pods-NasaAmberIOSTests-checkManifestLockResult.txt",
			);
			runOnlyForDeploymentPostprocessing = 0;
			shellPath = /bin/sh;
			shellScript = "diff \"${PODS_PODFILE_DIR_PATH}/Podfile.lock\" \"${PODS_ROOT}/Manifest.lock\" > /dev/null\nif [ $? != 0 ] ; then\n    # print error to STDERR\n    echo \"error: The sandbox is not in sync with the Podfile.lock. Run 'pod install' or update your CocoaPods installation.\" >&2\n    exit 1\nfi\n# This output is used by Xcode 'outputs' to avoid re-running this script phase.\necho \"SUCCESS\" > \"${SCRIPT_OUTPUT_FILE_0}\"\n";
			showEnvVarsInLog = 0;
		};
		FADB79C1AF33CF5A7559331A /* [CP] Embed Pods Frameworks */ = {
			isa = PBXShellScriptBuildPhase;
			buildActionMask = 2147483647;
			files = (
			);
			inputFileListPaths = (
				"${PODS_ROOT}/Target Support Files/Pods-NasaAmberIOS-NasaAmberIOSUITests/Pods-NasaAmberIOS-NasaAmberIOSUITests-frameworks-${CONFIGURATION}-input-files.xcfilelist",
			);
			name = "[CP] Embed Pods Frameworks";
			outputFileListPaths = (
				"${PODS_ROOT}/Target Support Files/Pods-NasaAmberIOS-NasaAmberIOSUITests/Pods-NasaAmberIOS-NasaAmberIOSUITests-frameworks-${CONFIGURATION}-output-files.xcfilelist",
			);
			runOnlyForDeploymentPostprocessing = 0;
			shellPath = /bin/sh;
			shellScript = "\"${PODS_ROOT}/Target Support Files/Pods-NasaAmberIOS-NasaAmberIOSUITests/Pods-NasaAmberIOS-NasaAmberIOSUITests-frameworks.sh\"\n";
			showEnvVarsInLog = 0;
		};
/* End PBXShellScriptBuildPhase section */

/* Begin PBXSourcesBuildPhase section */
		4E060DFF280AB4C10024502B /* Sources */ = {
			isa = PBXSourcesBuildPhase;
			buildActionMask = 2147483647;
			files = (
				4EBE6678280ECC4400852990 /* StringConstants.swift in Sources */,
				4EBE66C6281059F700852990 /* FilterRoute.swift in Sources */,
				4EE02C182812C1C100380E12 /* DetailRoute.swift in Sources */,
				4E2873792815DBBC000D16E9 /* ToastPresenter.swift in Sources */,
				4E28735228134E40000D16E9 /* IntroViewModel.swift in Sources */,
				4E28735028134E40000D16E9 /* IntroRouter.swift in Sources */,
				4EBE66C42810550600852990 /* UITableView+Extensions.swift in Sources */,
				4EBE6673280ECC4400852990 /* UIImageView+Extensions.swift in Sources */,
				4EBE66C12810539200852990 /* TitleCellModel.swift in Sources */,
				4EBE6675280ECC4400852990 /* ReusableView+Extensions.swift in Sources */,
				4EF55A57280AEAD6007D1FB5 /* APILogger.swift in Sources */,
				4E060E4E280ABA080024502B /* MainNavigationController.swift in Sources */,
				4EBE6694280ECC4400852990 /* ImageCell.swift in Sources */,
				4E28735728134E61000D16E9 /* IntroCell.swift in Sources */,
				4E060E3B280AB8230024502B /* Animator.swift in Sources */,
				4EBE6693280ECC4400852990 /* ImageCellModel.swift in Sources */,
				4EE02C152812C1AD00380E12 /* DetailViewController.swift in Sources */,
				4E28737B2815DBD2000D16E9 /* TostWarningView.swift in Sources */,
				4E28734B28134419000D16E9 /* ActivityIndicatorView.swift in Sources */,
				4EBE66A0280F41F000852990 /* HomeRouter.swift in Sources */,
				4EE02C162812C1AD00380E12 /* DetailViewModel.swift in Sources */,
				4E060E50280ABA4E0024502B /* TransparentNavigationController.swift in Sources */,
				4E060E46280AB8D90024502B /* PushTransition.swift in Sources */,
				4E060E55280ABCF50024502B /* MainTabBarRoute.swift in Sources */,
				4EBE667D280ECC4400852990 /* UIFont+Extensions.swift in Sources */,
				4EBE668D280ECC4400852990 /* UIImage+Icons.swift in Sources */,
				4EBE66C02810539200852990 /* TitleCell.swift in Sources */,
				4EBE6691280ECC4400852990 /* UIColor+Colors.swift in Sources */,
				4E28735128134E40000D16E9 /* IntroViewController.swift in Sources */,
				4EBE66AB280F482900852990 /* UIImage+Images.swift in Sources */,
				4EF55A58280AEAD6007D1FB5 /* APIRequestInterceptor.swift in Sources */,
				4EBE6684280ECC4400852990 /* Fonts.swift in Sources */,
				4EF55A56280AEAD6007D1FB5 /* DataProvider.swift in Sources */,
				4EBE66A2280F41F000852990 /* HomeViewModel.swift in Sources */,
				4E2873742815D9A9000D16E9 /* LoadingProtocol.swift in Sources */,
				4EBE66A1280F41F000852990 /* HomeViewController.swift in Sources */,
				4E060E3D280AB8490024502B /* Router.swift in Sources */,
				4E2873722815D97D000D16E9 /* ActivityIndicatorProtocol.swift in Sources */,
				4E060E40280AB8790024502B /* Transitions.swift in Sources */,
				4E28735428134E4E000D16E9 /* IntroRoute.swift in Sources */,
				4E060E42280AB89A0024502B /* ModalTransition.swift in Sources */,
				4EBE6695280ECC4400852990 /* ReusableView.swift in Sources */,
				4E287348281343DC000D16E9 /* ActivityIndicatorFooterView.swift in Sources */,
				4EE02C142812C1AD00380E12 /* DetailRouter.swift in Sources */,
				4E060E4C280AB9AB0024502B /* BaseViewModel.swift in Sources */,
				4E060E52280ABB150024502B /* AppRouter.swift in Sources */,
				4E060E57280ABD240024502B /* MainTabBarController.swift in Sources */,
				4E2873762815DA05000D16E9 /* BlockingActivityIndicator.swift in Sources */,
				4EBE6674280ECC4400852990 /* UIImage+Extensions.swift in Sources */,
				4EBE66BB2810536D00852990 /* FilterRouter.swift in Sources */,
				4EBE6676280ECC4400852990 /* UICollectionView+Extensions.swift in Sources */,
				4EBE66BD2810536D00852990 /* FilterViewModel.swift in Sources */,
				4E28735828134E61000D16E9 /* IntroCellModel.swift in Sources */,
				4EBE668C280ECC4400852990 /* Assets.swift in Sources */,
				4EBE66BC2810536D00852990 /* FilterViewController.swift in Sources */,
				4E28735D28135483000D16E9 /* ButtonFactory.swift in Sources */,
				4E060E4A280AB9430024502B /* BaseViewController.swift in Sources */,
				4E2873422812E0C4000D16E9 /* CustomLabel.swift in Sources */,
				4E060E60280AC0450024502B /* HomeRoute.swift in Sources */,
				4E060E07280AB4C20024502B /* AppDelegate.swift in Sources */,
				4E060E44280AB8BF0024502B /* PlaceOnWindowTransition.swift in Sources */,
				4E28736028135503000D16E9 /* PageControl.swift in Sources */,
			);
			runOnlyForDeploymentPostprocessing = 0;
		};
		4E060E15280AB4C60024502B /* Sources */ = {
			isa = PBXSourcesBuildPhase;
			buildActionMask = 2147483647;
			files = (
				4E060E1E280AB4C60024502B /* NasaAmberIOSTests.swift in Sources */,
			);
			runOnlyForDeploymentPostprocessing = 0;
		};
		4E060E1F280AB4C60024502B /* Sources */ = {
			isa = PBXSourcesBuildPhase;
			buildActionMask = 2147483647;
			files = (
				4E060E28280AB4C60024502B /* NasaAmberIOSUITests.swift in Sources */,
				4E060E2A280AB4C60024502B /* NasaAmberIOSUITestsLaunchTests.swift in Sources */,
			);
			runOnlyForDeploymentPostprocessing = 0;
		};
/* End PBXSourcesBuildPhase section */

/* Begin PBXTargetDependency section */
		4E060E1B280AB4C60024502B /* PBXTargetDependency */ = {
			isa = PBXTargetDependency;
			target = 4E060E02280AB4C10024502B /* NasaAmberIOS */;
			targetProxy = 4E060E1A280AB4C60024502B /* PBXContainerItemProxy */;
		};
		4E060E25280AB4C60024502B /* PBXTargetDependency */ = {
			isa = PBXTargetDependency;
			target = 4E060E02280AB4C10024502B /* NasaAmberIOS */;
			targetProxy = 4E060E24280AB4C60024502B /* PBXContainerItemProxy */;
		};
/* End PBXTargetDependency section */

/* Begin PBXVariantGroup section */
		4E060E11280AB4C60024502B /* LaunchScreen.storyboard */ = {
			isa = PBXVariantGroup;
			children = (
				4E060E12280AB4C60024502B /* Base */,
			);
			name = LaunchScreen.storyboard;
			sourceTree = "<group>";
		};
		4EBE664E280ECC4400852990 /* Localizable.strings */ = {
			isa = PBXVariantGroup;
			children = (
				4EBE664F280ECC4400852990 /* en */,
			);
			name = Localizable.strings;
			sourceTree = "<group>";
		};
/* End PBXVariantGroup section */

/* Begin XCBuildConfiguration section */
		4E060E2B280AB4C60024502B /* Debug */ = {
			isa = XCBuildConfiguration;
			buildSettings = {
				ALWAYS_SEARCH_USER_PATHS = NO;
				CLANG_ANALYZER_NONNULL = YES;
				CLANG_ANALYZER_NUMBER_OBJECT_CONVERSION = YES_AGGRESSIVE;
				CLANG_CXX_LANGUAGE_STANDARD = "gnu++17";
				CLANG_ENABLE_MODULES = YES;
				CLANG_ENABLE_OBJC_ARC = YES;
				CLANG_ENABLE_OBJC_WEAK = YES;
				CLANG_WARN_BLOCK_CAPTURE_AUTORELEASING = YES;
				CLANG_WARN_BOOL_CONVERSION = YES;
				CLANG_WARN_COMMA = YES;
				CLANG_WARN_CONSTANT_CONVERSION = YES;
				CLANG_WARN_DEPRECATED_OBJC_IMPLEMENTATIONS = YES;
				CLANG_WARN_DIRECT_OBJC_ISA_USAGE = YES_ERROR;
				CLANG_WARN_DOCUMENTATION_COMMENTS = YES;
				CLANG_WARN_EMPTY_BODY = YES;
				CLANG_WARN_ENUM_CONVERSION = YES;
				CLANG_WARN_INFINITE_RECURSION = YES;
				CLANG_WARN_INT_CONVERSION = YES;
				CLANG_WARN_NON_LITERAL_NULL_CONVERSION = YES;
				CLANG_WARN_OBJC_IMPLICIT_RETAIN_SELF = YES;
				CLANG_WARN_OBJC_LITERAL_CONVERSION = YES;
				CLANG_WARN_OBJC_ROOT_CLASS = YES_ERROR;
				CLANG_WARN_QUOTED_INCLUDE_IN_FRAMEWORK_HEADER = YES;
				CLANG_WARN_RANGE_LOOP_ANALYSIS = YES;
				CLANG_WARN_STRICT_PROTOTYPES = YES;
				CLANG_WARN_SUSPICIOUS_MOVE = YES;
				CLANG_WARN_UNGUARDED_AVAILABILITY = YES_AGGRESSIVE;
				CLANG_WARN_UNREACHABLE_CODE = YES;
				CLANG_WARN__DUPLICATE_METHOD_MATCH = YES;
				COPY_PHASE_STRIP = NO;
				DEBUG_INFORMATION_FORMAT = dwarf;
				ENABLE_STRICT_OBJC_MSGSEND = YES;
				ENABLE_TESTABILITY = YES;
				GCC_C_LANGUAGE_STANDARD = gnu11;
				GCC_DYNAMIC_NO_PIC = NO;
				GCC_NO_COMMON_BLOCKS = YES;
				GCC_OPTIMIZATION_LEVEL = 0;
				GCC_PREPROCESSOR_DEFINITIONS = (
					"DEBUG=1",
					"$(inherited)",
				);
				GCC_WARN_64_TO_32_BIT_CONVERSION = YES;
				GCC_WARN_ABOUT_RETURN_TYPE = YES_ERROR;
				GCC_WARN_UNDECLARED_SELECTOR = YES;
				GCC_WARN_UNINITIALIZED_AUTOS = YES_AGGRESSIVE;
				GCC_WARN_UNUSED_FUNCTION = YES;
				GCC_WARN_UNUSED_VARIABLE = YES;
				IPHONEOS_DEPLOYMENT_TARGET = 13.0;
				MTL_ENABLE_DEBUG_INFO = INCLUDE_SOURCE;
				MTL_FAST_MATH = YES;
				ONLY_ACTIVE_ARCH = YES;
				SDKROOT = iphoneos;
				SWIFT_ACTIVE_COMPILATION_CONDITIONS = DEBUG;
				SWIFT_OPTIMIZATION_LEVEL = "-Onone";
			};
			name = Debug;
		};
		4E060E2C280AB4C60024502B /* Release */ = {
			isa = XCBuildConfiguration;
			buildSettings = {
				ALWAYS_SEARCH_USER_PATHS = NO;
				CLANG_ANALYZER_NONNULL = YES;
				CLANG_ANALYZER_NUMBER_OBJECT_CONVERSION = YES_AGGRESSIVE;
				CLANG_CXX_LANGUAGE_STANDARD = "gnu++17";
				CLANG_ENABLE_MODULES = YES;
				CLANG_ENABLE_OBJC_ARC = YES;
				CLANG_ENABLE_OBJC_WEAK = YES;
				CLANG_WARN_BLOCK_CAPTURE_AUTORELEASING = YES;
				CLANG_WARN_BOOL_CONVERSION = YES;
				CLANG_WARN_COMMA = YES;
				CLANG_WARN_CONSTANT_CONVERSION = YES;
				CLANG_WARN_DEPRECATED_OBJC_IMPLEMENTATIONS = YES;
				CLANG_WARN_DIRECT_OBJC_ISA_USAGE = YES_ERROR;
				CLANG_WARN_DOCUMENTATION_COMMENTS = YES;
				CLANG_WARN_EMPTY_BODY = YES;
				CLANG_WARN_ENUM_CONVERSION = YES;
				CLANG_WARN_INFINITE_RECURSION = YES;
				CLANG_WARN_INT_CONVERSION = YES;
				CLANG_WARN_NON_LITERAL_NULL_CONVERSION = YES;
				CLANG_WARN_OBJC_IMPLICIT_RETAIN_SELF = YES;
				CLANG_WARN_OBJC_LITERAL_CONVERSION = YES;
				CLANG_WARN_OBJC_ROOT_CLASS = YES_ERROR;
				CLANG_WARN_QUOTED_INCLUDE_IN_FRAMEWORK_HEADER = YES;
				CLANG_WARN_RANGE_LOOP_ANALYSIS = YES;
				CLANG_WARN_STRICT_PROTOTYPES = YES;
				CLANG_WARN_SUSPICIOUS_MOVE = YES;
				CLANG_WARN_UNGUARDED_AVAILABILITY = YES_AGGRESSIVE;
				CLANG_WARN_UNREACHABLE_CODE = YES;
				CLANG_WARN__DUPLICATE_METHOD_MATCH = YES;
				COPY_PHASE_STRIP = NO;
				DEBUG_INFORMATION_FORMAT = "dwarf-with-dsym";
				ENABLE_NS_ASSERTIONS = NO;
				ENABLE_STRICT_OBJC_MSGSEND = YES;
				GCC_C_LANGUAGE_STANDARD = gnu11;
				GCC_NO_COMMON_BLOCKS = YES;
				GCC_WARN_64_TO_32_BIT_CONVERSION = YES;
				GCC_WARN_ABOUT_RETURN_TYPE = YES_ERROR;
				GCC_WARN_UNDECLARED_SELECTOR = YES;
				GCC_WARN_UNINITIALIZED_AUTOS = YES_AGGRESSIVE;
				GCC_WARN_UNUSED_FUNCTION = YES;
				GCC_WARN_UNUSED_VARIABLE = YES;
				IPHONEOS_DEPLOYMENT_TARGET = 13.0;
				MTL_ENABLE_DEBUG_INFO = NO;
				MTL_FAST_MATH = YES;
				SDKROOT = iphoneos;
				SWIFT_COMPILATION_MODE = wholemodule;
				SWIFT_OPTIMIZATION_LEVEL = "-O";
				VALIDATE_PRODUCT = YES;
			};
			name = Release;
		};
		4E060E2E280AB4C60024502B /* Debug */ = {
			isa = XCBuildConfiguration;
			baseConfigurationReference = AFD409D74DB183A17F540B12 /* Pods-NasaAmberIOS.debug.xcconfig */;
			buildSettings = {
				ASSETCATALOG_COMPILER_APPICON_NAME = AppIcon;
				ASSETCATALOG_COMPILER_GLOBAL_ACCENT_COLOR_NAME = AccentColor;
				CLANG_ENABLE_MODULES = YES;
				CODE_SIGN_STYLE = Automatic;
				CURRENT_PROJECT_VERSION = 1;
				DEVELOPMENT_TEAM = 68W3SBSH6G;
				GENERATE_INFOPLIST_FILE = YES;
				INFOPLIST_FILE = NasaAmberIOS/Info.plist;
				INFOPLIST_KEY_LSApplicationCategoryType = "";
				INFOPLIST_KEY_UIApplicationSupportsIndirectInputEvents = YES;
				INFOPLIST_KEY_UILaunchStoryboardName = LaunchScreen;
				INFOPLIST_KEY_UISupportedInterfaceOrientations_iPad = "UIInterfaceOrientationPortrait UIInterfaceOrientationPortraitUpsideDown UIInterfaceOrientationLandscapeLeft UIInterfaceOrientationLandscapeRight";
				INFOPLIST_KEY_UISupportedInterfaceOrientations_iPhone = "UIInterfaceOrientationPortrait UIInterfaceOrientationLandscapeLeft UIInterfaceOrientationLandscapeRight";
				IPHONEOS_DEPLOYMENT_TARGET = 13.0;
				LD_RUNPATH_SEARCH_PATHS = (
					"$(inherited)",
					"@executable_path/Frameworks",
				);
				MARKETING_VERSION = 1.0;
				PRODUCT_BUNDLE_IDENTIFIER = amber.NasaAmberIOS;
				PRODUCT_NAME = "$(TARGET_NAME)";
				SWIFT_EMIT_LOC_STRINGS = YES;
				SWIFT_OBJC_BRIDGING_HEADER = "NasaAmberIOS/Configuration/NasaAmberIOS-Bridging-Header.h";
				SWIFT_OPTIMIZATION_LEVEL = "-Onone";
				SWIFT_VERSION = 5.0;
				TARGETED_DEVICE_FAMILY = "1,2";
			};
			name = Debug;
		};
		4E060E2F280AB4C60024502B /* Release */ = {
			isa = XCBuildConfiguration;
			baseConfigurationReference = 414BC8CE777BCD892417CE1A /* Pods-NasaAmberIOS.release.xcconfig */;
			buildSettings = {
				ASSETCATALOG_COMPILER_APPICON_NAME = AppIcon;
				ASSETCATALOG_COMPILER_GLOBAL_ACCENT_COLOR_NAME = AccentColor;
				CLANG_ENABLE_MODULES = YES;
				CODE_SIGN_STYLE = Automatic;
				CURRENT_PROJECT_VERSION = 1;
				DEVELOPMENT_TEAM = 68W3SBSH6G;
				GENERATE_INFOPLIST_FILE = YES;
				INFOPLIST_FILE = NasaAmberIOS/Info.plist;
				INFOPLIST_KEY_LSApplicationCategoryType = "";
				INFOPLIST_KEY_UIApplicationSupportsIndirectInputEvents = YES;
				INFOPLIST_KEY_UILaunchStoryboardName = LaunchScreen;
				INFOPLIST_KEY_UISupportedInterfaceOrientations_iPad = "UIInterfaceOrientationPortrait UIInterfaceOrientationPortraitUpsideDown UIInterfaceOrientationLandscapeLeft UIInterfaceOrientationLandscapeRight";
				INFOPLIST_KEY_UISupportedInterfaceOrientations_iPhone = "UIInterfaceOrientationPortrait UIInterfaceOrientationLandscapeLeft UIInterfaceOrientationLandscapeRight";
				IPHONEOS_DEPLOYMENT_TARGET = 13.0;
				LD_RUNPATH_SEARCH_PATHS = (
					"$(inherited)",
					"@executable_path/Frameworks",
				);
				MARKETING_VERSION = 1.0;
				PRODUCT_BUNDLE_IDENTIFIER = amber.NasaAmberIOS;
				PRODUCT_NAME = "$(TARGET_NAME)";
				SWIFT_EMIT_LOC_STRINGS = YES;
				SWIFT_OBJC_BRIDGING_HEADER = "NasaAmberIOS/Configuration/NasaAmberIOS-Bridging-Header.h";
				SWIFT_VERSION = 5.0;
				TARGETED_DEVICE_FAMILY = "1,2";
			};
			name = Release;
		};
		4E060E31280AB4C60024502B /* Debug */ = {
			isa = XCBuildConfiguration;
			baseConfigurationReference = B1A6750D6E48FF7A0F11DE28 /* Pods-NasaAmberIOSTests.debug.xcconfig */;
			buildSettings = {
				ALWAYS_EMBED_SWIFT_STANDARD_LIBRARIES = YES;
				BUNDLE_LOADER = "$(TEST_HOST)";
				CODE_SIGN_STYLE = Automatic;
				CURRENT_PROJECT_VERSION = 1;
				DEVELOPMENT_TEAM = 68W3SBSH6G;
				GENERATE_INFOPLIST_FILE = YES;
				IPHONEOS_DEPLOYMENT_TARGET = 15.4;
				MARKETING_VERSION = 1.0;
				PRODUCT_BUNDLE_IDENTIFIER = amber.NasaAmberIOSTests;
				PRODUCT_NAME = "$(TARGET_NAME)";
				SWIFT_EMIT_LOC_STRINGS = NO;
				SWIFT_VERSION = 5.0;
				TARGETED_DEVICE_FAMILY = "1,2";
				TEST_HOST = "$(BUILT_PRODUCTS_DIR)/NasaAmberIOS.app/NasaAmberIOS";
			};
			name = Debug;
		};
		4E060E32280AB4C60024502B /* Release */ = {
			isa = XCBuildConfiguration;
			baseConfigurationReference = B4D0EA9BC3C9127F3C3253D7 /* Pods-NasaAmberIOSTests.release.xcconfig */;
			buildSettings = {
				ALWAYS_EMBED_SWIFT_STANDARD_LIBRARIES = YES;
				BUNDLE_LOADER = "$(TEST_HOST)";
				CODE_SIGN_STYLE = Automatic;
				CURRENT_PROJECT_VERSION = 1;
				DEVELOPMENT_TEAM = 68W3SBSH6G;
				GENERATE_INFOPLIST_FILE = YES;
				IPHONEOS_DEPLOYMENT_TARGET = 15.4;
				MARKETING_VERSION = 1.0;
				PRODUCT_BUNDLE_IDENTIFIER = amber.NasaAmberIOSTests;
				PRODUCT_NAME = "$(TARGET_NAME)";
				SWIFT_EMIT_LOC_STRINGS = NO;
				SWIFT_VERSION = 5.0;
				TARGETED_DEVICE_FAMILY = "1,2";
				TEST_HOST = "$(BUILT_PRODUCTS_DIR)/NasaAmberIOS.app/NasaAmberIOS";
			};
			name = Release;
		};
		4E060E34280AB4C60024502B /* Debug */ = {
			isa = XCBuildConfiguration;
			baseConfigurationReference = 4AFDD9AD0092C57A5A2BC65D /* Pods-NasaAmberIOS-NasaAmberIOSUITests.debug.xcconfig */;
			buildSettings = {
				ALWAYS_EMBED_SWIFT_STANDARD_LIBRARIES = YES;
				CODE_SIGN_STYLE = Automatic;
				CURRENT_PROJECT_VERSION = 1;
				DEVELOPMENT_TEAM = 68W3SBSH6G;
				GENERATE_INFOPLIST_FILE = YES;
				MARKETING_VERSION = 1.0;
				PRODUCT_BUNDLE_IDENTIFIER = amber.NasaAmberIOSUITests;
				PRODUCT_NAME = "$(TARGET_NAME)";
				SWIFT_EMIT_LOC_STRINGS = NO;
				SWIFT_VERSION = 5.0;
				TARGETED_DEVICE_FAMILY = "1,2";
				TEST_TARGET_NAME = NasaAmberIOS;
			};
			name = Debug;
		};
		4E060E35280AB4C60024502B /* Release */ = {
			isa = XCBuildConfiguration;
			baseConfigurationReference = D1C203EB31025CF65F8381B6 /* Pods-NasaAmberIOS-NasaAmberIOSUITests.release.xcconfig */;
			buildSettings = {
				ALWAYS_EMBED_SWIFT_STANDARD_LIBRARIES = YES;
				CODE_SIGN_STYLE = Automatic;
				CURRENT_PROJECT_VERSION = 1;
				DEVELOPMENT_TEAM = 68W3SBSH6G;
				GENERATE_INFOPLIST_FILE = YES;
				MARKETING_VERSION = 1.0;
				PRODUCT_BUNDLE_IDENTIFIER = amber.NasaAmberIOSUITests;
				PRODUCT_NAME = "$(TARGET_NAME)";
				SWIFT_EMIT_LOC_STRINGS = NO;
				SWIFT_VERSION = 5.0;
				TARGETED_DEVICE_FAMILY = "1,2";
				TEST_TARGET_NAME = NasaAmberIOS;
			};
			name = Release;
		};
/* End XCBuildConfiguration section */

/* Begin XCConfigurationList section */
		4E060DFE280AB4C10024502B /* Build configuration list for PBXProject "NasaAmberIOS" */ = {
			isa = XCConfigurationList;
			buildConfigurations = (
				4E060E2B280AB4C60024502B /* Debug */,
				4E060E2C280AB4C60024502B /* Release */,
			);
			defaultConfigurationIsVisible = 0;
			defaultConfigurationName = Release;
		};
		4E060E2D280AB4C60024502B /* Build configuration list for PBXNativeTarget "NasaAmberIOS" */ = {
			isa = XCConfigurationList;
			buildConfigurations = (
				4E060E2E280AB4C60024502B /* Debug */,
				4E060E2F280AB4C60024502B /* Release */,
			);
			defaultConfigurationIsVisible = 0;
			defaultConfigurationName = Release;
		};
		4E060E30280AB4C60024502B /* Build configuration list for PBXNativeTarget "NasaAmberIOSTests" */ = {
			isa = XCConfigurationList;
			buildConfigurations = (
				4E060E31280AB4C60024502B /* Debug */,
				4E060E32280AB4C60024502B /* Release */,
			);
			defaultConfigurationIsVisible = 0;
			defaultConfigurationName = Release;
		};
		4E060E33280AB4C60024502B /* Build configuration list for PBXNativeTarget "NasaAmberIOSUITests" */ = {
			isa = XCConfigurationList;
			buildConfigurations = (
				4E060E34280AB4C60024502B /* Debug */,
				4E060E35280AB4C60024502B /* Release */,
			);
			defaultConfigurationIsVisible = 0;
			defaultConfigurationName = Release;
		};
/* End XCConfigurationList section */
	};
	rootObject = 4E060DFB280AB4C10024502B /* Project object */;
}
